{
  "object": {
    "pins": [
      {
        "package": "ActionClosurable",
        "repositoryURL": "https://github.com/takasek/ActionClosurable.git",
        "state": {
          "branch": null,
          "revision": "a1a589cd4189768c0ac7a49da7296d95a7f4f914",
          "version": "2.1.0"
        }
      },
      {
        "package": "AlertToast",
        "repositoryURL": "https://github.com/elai950/AlertToast.git",
        "state": {
          "branch": null,
          "revision": "01c822ac8e425c48b39b39840c03415421ad3df5",
          "version": "1.3.0"
        }
      },
      {
        "package": "SignalRClient",
        "repositoryURL": "https://github.com/moozzyk/SignalR-Client-Swift",
        "state": {
          "branch": "master",
          "revision": "05ee8e0bb713f6c44c2880c80f5db3afb0bf080d",
          "version": null
        }
      },
      {
        "package": "SwiftDate",
        "repositoryURL": "https://github.com/malcommac/SwiftDate",
        "state": {
          "branch": null,
          "revision": "6190d0cefff3013e77ed567e6b074f324e5c5bf5",
          "version": "6.3.1"
        }
      },
      {
        "package": "SwiftKeychainWrapper",
        "repositoryURL": "https://github.com/jrendel/SwiftKeychainWrapper",
        "state": {
          "branch": null,
          "revision": "185a3165346a03767101c4f62e9a545a0fe0530f",
          "version": "4.0.1"
        }
      },
      {
        "package": "Introspect",
        "repositoryURL": "https://github.com/siteline/SwiftUI-Introspect.git",
        "state": {
          "branch": null,
          "revision": "2e09be8af614401bc9f87d40093ec19ce56ccaf2",
          "version": "0.1.3"
        }
      },
      {
        "package": "TOCropViewController",
        "repositoryURL": "https://github.com/TimOliver/TOCropViewController.git",
        "state": {
          "branch": null,
          "revision": "dad97167bf1be16aeecd109130900995dd01c515",
          "version": "2.6.0"
        }
      }
    ]
  },
  "version": 1
}
