// !$*UTF8*$!
{
	archiveVersion = 1;
	classes = {
	};
	objectVersion = 54;
	objects = {

/* Begin PBXBuildFile section */
		E2155E5125F4155200E48DFA /* ActivityView.swift in Sources */ = {isa = PBXBuildFile; fileRef = E2155E5025F4155200E48DFA /* ActivityView.swift */; };
		E217755425B0AD730006B7CA /* Foundation+GaryPortal.swift in Sources */ = {isa = PBXBuildFile; fileRef = E217755325B0AD730006B7CA /* Foundation+GaryPortal.swift */; };
		E217755825B0B3C30006B7CA /* SwiftKeychainWrapper in Frameworks */ = {isa = PBXBuildFile; productRef = E217755725B0B3C30006B7CA /* SwiftKeychainWrapper */; };
		E217755B25B0BC4D0006B7CA /* HostController.swift in Sources */ = {isa = PBXBuildFile; fileRef = E217755A25B0BC4D0006B7CA /* HostController.swift */; };
		E217756525B0CCA80006B7CA /* GaryPortalSwipeController.swift in Sources */ = {isa = PBXBuildFile; fileRef = E217756425B0CCA80006B7CA /* GaryPortalSwipeController.swift */; };
		E2249D6D2606974400969824 /* NotificationService.swift in Sources */ = {isa = PBXBuildFile; fileRef = E2249D6C2606974400969824 /* NotificationService.swift */; };
		E2249D712606974400969824 /* GPNotifcations.appex in Embed App Extensions */ = {isa = PBXBuildFile; fileRef = E2249D6A2606974400969824 /* GPNotifcations.appex */; settings = {ATTRIBUTES = (RemoveHeadersOnCopy, ); }; };
		E22C032A25DC6FD2001E78BC /* FeedAditLogView.swift in Sources */ = {isa = PBXBuildFile; fileRef = E22C032925DC6FD2001E78BC /* FeedAditLogView.swift */; };
		E23100AD25AF6F8E00739E9E /* AppDelegate.swift in Sources */ = {isa = PBXBuildFile; fileRef = E23100AC25AF6F8E00739E9E /* AppDelegate.swift */; };
		E23100AF25AF6F8E00739E9E /* SceneDelegate.swift in Sources */ = {isa = PBXBuildFile; fileRef = E23100AE25AF6F8E00739E9E /* SceneDelegate.swift */; };
		E23100B125AF6F8E00739E9E /* ContentView.swift in Sources */ = {isa = PBXBuildFile; fileRef = E23100B025AF6F8E00739E9E /* ContentView.swift */; };
		E23100B325AF6F8F00739E9E /* Assets.xcassets in Resources */ = {isa = PBXBuildFile; fileRef = E23100B225AF6F8F00739E9E /* Assets.xcassets */; };
		E23100B625AF6F8F00739E9E /* Preview Assets.xcassets in Resources */ = {isa = PBXBuildFile; fileRef = E23100B525AF6F8F00739E9E /* Preview Assets.xcassets */; };
		E23100B925AF6F8F00739E9E /* LaunchScreen.storyboard in Resources */ = {isa = PBXBuildFile; fileRef = E23100B725AF6F8F00739E9E /* LaunchScreen.storyboard */; };
		E23B907925B9C4AF00C0C201 /* Misc.swift in Sources */ = {isa = PBXBuildFile; fileRef = E23B907825B9C4AF00C0C201 /* Misc.swift */; };
		E23B907E25B9CB3E00C0C201 /* FeedView.swift in Sources */ = {isa = PBXBuildFile; fileRef = E23B907D25B9CB3E00C0C201 /* FeedView.swift */; };
		E23B908225BA048000C0C201 /* FeedService.swift in Sources */ = {isa = PBXBuildFile; fileRef = E23B908125BA048000C0C201 /* FeedService.swift */; };
		E23B908525BB1DCB00C0C201 /* PlayerView.swift in Sources */ = {isa = PBXBuildFile; fileRef = E23B908425BB1DCB00C0C201 /* PlayerView.swift */; };
		E240D3BF25C01CCD00618E0B /* NSNotification+GaryPortal.swift in Sources */ = {isa = PBXBuildFile; fileRef = E240D3BE25C01CCD00618E0B /* NSNotification+GaryPortal.swift */; };
		E241B3FF25E02B3F00B15219 /* Bundle+GaryPortal.swift in Sources */ = {isa = PBXBuildFile; fileRef = E241B3FE25E02B3F00B15219 /* Bundle+GaryPortal.swift */; };
		E249D96925D53DF50056B027 /* GPCamera.swift in Sources */ = {isa = PBXBuildFile; fileRef = E249D96825D53DF50056B027 /* GPCamera.swift */; };
		E249D98025D54B6C0056B027 /* CameraService.swift in Sources */ = {isa = PBXBuildFile; fileRef = E249D97F25D54B6C0056B027 /* CameraService.swift */; };
		E249D98225D599380056B027 /* ColourPicker.swift in Sources */ = {isa = PBXBuildFile; fileRef = E249D98125D599380056B027 /* ColourPicker.swift */; };
		E24D8B7425E1A11900E38F0B /* GaryPortalHub.swift in Sources */ = {isa = PBXBuildFile; fileRef = E24D8B7325E1A11900E38F0B /* GaryPortalHub.swift */; };
		E253732126094F5F00EF6247 /* GPCamTextView.swift in Sources */ = {isa = PBXBuildFile; fileRef = E253732026094F5F00EF6247 /* GPCamTextView.swift */; };
		E253732526095AF100EF6247 /* GPColourPicker.swift in Sources */ = {isa = PBXBuildFile; fileRef = E253732426095AF100EF6247 /* GPColourPicker.swift */; };
		E25C1DAB25B1AAC90046EA6C /* AdminService.swift in Sources */ = {isa = PBXBuildFile; fileRef = E25C1DAA25B1AAC90046EA6C /* AdminService.swift */; };
		E25C1DAE25B1AC360046EA6C /* ProfileSettingsView.swift in Sources */ = {isa = PBXBuildFile; fileRef = E25C1DAD25B1AC360046EA6C /* ProfileSettingsView.swift */; };
		E25CC1B725AF702B00B1FA55 /* Team.swift in Sources */ = {isa = PBXBuildFile; fileRef = E25CC1B125AF702B00B1FA55 /* Team.swift */; };
		E25CC1B825AF702B00B1FA55 /* AppSettings.swift in Sources */ = {isa = PBXBuildFile; fileRef = E25CC1B225AF702B00B1FA55 /* AppSettings.swift */; };
		E25CC1B925AF702B00B1FA55 /* User.swift in Sources */ = {isa = PBXBuildFile; fileRef = E25CC1B325AF702B00B1FA55 /* User.swift */; };
		E25CC1BA25AF702B00B1FA55 /* Feed.swift in Sources */ = {isa = PBXBuildFile; fileRef = E25CC1B425AF702B00B1FA55 /* Feed.swift */; };
		E25CC1BB25AF702B00B1FA55 /* Rank.swift in Sources */ = {isa = PBXBuildFile; fileRef = E25CC1B525AF702B00B1FA55 /* Rank.swift */; };
		E25CC1BC25AF702B00B1FA55 /* UserAuthentication.swift in Sources */ = {isa = PBXBuildFile; fileRef = E25CC1B625AF702B00B1FA55 /* UserAuthentication.swift */; };
		E25CC1C025AF724400B1FA55 /* ZeroPage.swift in Sources */ = {isa = PBXBuildFile; fileRef = E25CC1BF25AF724400B1FA55 /* ZeroPage.swift */; };
		E26A68A125B22C5C00CD0662 /* SafariView.swift in Sources */ = {isa = PBXBuildFile; fileRef = E26A68A025B22C5C00CD0662 /* SafariView.swift */; };
		E26A68A425B2630D00CD0662 /* StaffRoomView.swift in Sources */ = {isa = PBXBuildFile; fileRef = E26A68A325B2630D00CD0662 /* StaffRoomView.swift */; };
		E26A68A725B2D08800CD0662 /* StaffService.swift in Sources */ = {isa = PBXBuildFile; fileRef = E26A68A625B2D08800CD0662 /* StaffService.swift */; };
		E26A68AA25B2D0C200CD0662 /* StaffRoomAnnouncement.swift in Sources */ = {isa = PBXBuildFile; fileRef = E26A68A925B2D0C200CD0662 /* StaffRoomAnnouncement.swift */; };
		E26C628725B053B400FC2D0D /* APISession.swift in Sources */ = {isa = PBXBuildFile; fileRef = E26C628625B053B400FC2D0D /* APISession.swift */; };
		E26C628A25B053BD00FC2D0D /* UserService.swift in Sources */ = {isa = PBXBuildFile; fileRef = E26C628925B053BD00FC2D0D /* UserService.swift */; };
		E26C628D25B055C700FC2D0D /* SignInView.swift in Sources */ = {isa = PBXBuildFile; fileRef = E26C628C25B055C700FC2D0D /* SignInView.swift */; };
		E26C629425B0569900FC2D0D /* Montserrat-Light.ttf in Resources */ = {isa = PBXBuildFile; fileRef = E26C629025B0569800FC2D0D /* Montserrat-Light.ttf */; };
		E26C629525B0569900FC2D0D /* Montserrat-ExtraLight.ttf in Resources */ = {isa = PBXBuildFile; fileRef = E26C629125B0569900FC2D0D /* Montserrat-ExtraLight.ttf */; };
		E26C629625B0569900FC2D0D /* Montserrat-Regular.ttf in Resources */ = {isa = PBXBuildFile; fileRef = E26C629225B0569900FC2D0D /* Montserrat-Regular.ttf */; };
		E26C629725B0569900FC2D0D /* Montserrat-SemiBold.ttf in Resources */ = {isa = PBXBuildFile; fileRef = E26C629325B0569900FC2D0D /* Montserrat-SemiBold.ttf */; };
		E278BF2225B0DD3700DE8D44 /* GPImageLoader.swift in Sources */ = {isa = PBXBuildFile; fileRef = E278BF2125B0DD3700DE8D44 /* GPImageLoader.swift */; };
		E278E1D825DD5ABB00C16E18 /* UploadFeedView.swift in Sources */ = {isa = PBXBuildFile; fileRef = E278E1D725DD5ABB00C16E18 /* UploadFeedView.swift */; };
		E278E1DA25DD636A00C16E18 /* Merge.swift in Sources */ = {isa = PBXBuildFile; fileRef = E278E1D925DD636A00C16E18 /* Merge.swift */; };
		E278E1DC25DDC71000C16E18 /* ListSeparator.swift in Sources */ = {isa = PBXBuildFile; fileRef = E278E1DB25DDC71000C16E18 /* ListSeparator.swift */; };
		E28084D225E96926008599B0 /* GPWhatsNew.swift in Sources */ = {isa = PBXBuildFile; fileRef = E28084D125E96926008599B0 /* GPWhatsNew.swift */; };
		E2813A7E2605084100E395E9 /* FeedDataSources.swift in Sources */ = {isa = PBXBuildFile; fileRef = E2813A7D2605084100E395E9 /* FeedDataSources.swift */; };
		E2813A9726050B6D00E395E9 /* NSURLResponse+Haneke.swift in Sources */ = {isa = PBXBuildFile; fileRef = E2813A8026050B6C00E395E9 /* NSURLResponse+Haneke.swift */; };
		E2813A9826050B6D00E395E9 /* String+Haneke.swift in Sources */ = {isa = PBXBuildFile; fileRef = E2813A8126050B6C00E395E9 /* String+Haneke.swift */; };
		E2813A9A26050B6D00E395E9 /* Format.swift in Sources */ = {isa = PBXBuildFile; fileRef = E2813A8326050B6C00E395E9 /* Format.swift */; };
		E2813A9B26050B6D00E395E9 /* Fetch.swift in Sources */ = {isa = PBXBuildFile; fileRef = E2813A8426050B6C00E395E9 /* Fetch.swift */; };
		E2813A9D26050B6D00E395E9 /* UIButton+Haneke.swift in Sources */ = {isa = PBXBuildFile; fileRef = E2813A8626050B6C00E395E9 /* UIButton+Haneke.swift */; };
		E2813A9E26050B6D00E395E9 /* Haneke.swift in Sources */ = {isa = PBXBuildFile; fileRef = E2813A8726050B6C00E395E9 /* Haneke.swift */; };
		E2813A9F26050B6D00E395E9 /* UIImage+Haneke.swift in Sources */ = {isa = PBXBuildFile; fileRef = E2813A8826050B6D00E395E9 /* UIImage+Haneke.swift */; };
		E2813AA026050B6D00E395E9 /* UIImageView+Haneke.swift in Sources */ = {isa = PBXBuildFile; fileRef = E2813A8926050B6D00E395E9 /* UIImageView+Haneke.swift */; };
		E2813AA126050B6D00E395E9 /* Log.swift in Sources */ = {isa = PBXBuildFile; fileRef = E2813A8B26050B6D00E395E9 /* Log.swift */; };
		E2813AA226050B6D00E395E9 /* UIView+Haneke.swift in Sources */ = {isa = PBXBuildFile; fileRef = E2813A8C26050B6D00E395E9 /* UIView+Haneke.swift */; };
		E2813AA326050B6D00E395E9 /* CryptoSwiftMD5.swift in Sources */ = {isa = PBXBuildFile; fileRef = E2813A8D26050B6D00E395E9 /* CryptoSwiftMD5.swift */; };
		E2813AA426050B6D00E395E9 /* NetworkFetcher.swift in Sources */ = {isa = PBXBuildFile; fileRef = E2813A8E26050B6D00E395E9 /* NetworkFetcher.swift */; };
		E2813AA526050B6D00E395E9 /* DiskCache.swift in Sources */ = {isa = PBXBuildFile; fileRef = E2813A8F26050B6D00E395E9 /* DiskCache.swift */; };
		E2813AA626050B6D00E395E9 /* NSHTTPURLResponse+Haneke.swift in Sources */ = {isa = PBXBuildFile; fileRef = E2813A9026050B6D00E395E9 /* NSHTTPURLResponse+Haneke.swift */; };
		E2813AA726050B6D00E395E9 /* Cache.swift in Sources */ = {isa = PBXBuildFile; fileRef = E2813A9126050B6D00E395E9 /* Cache.swift */; };
		E2813AA826050B6D00E395E9 /* Fetcher.swift in Sources */ = {isa = PBXBuildFile; fileRef = E2813A9226050B6D00E395E9 /* Fetcher.swift */; };
		E2813AA926050B6D00E395E9 /* NSFileManager+Haneke.swift in Sources */ = {isa = PBXBuildFile; fileRef = E2813A9326050B6D00E395E9 /* NSFileManager+Haneke.swift */; };
		E2813AAA26050B6D00E395E9 /* Data.swift in Sources */ = {isa = PBXBuildFile; fileRef = E2813A9426050B6D00E395E9 /* Data.swift */; };
		E2813AAB26050B6D00E395E9 /* CGSize+Swift.swift in Sources */ = {isa = PBXBuildFile; fileRef = E2813A9526050B6D00E395E9 /* CGSize+Swift.swift */; };
		E2813AAC26050B6D00E395E9 /* DiskFetcher.swift in Sources */ = {isa = PBXBuildFile; fileRef = E2813A9626050B6D00E395E9 /* DiskFetcher.swift */; };
		E28DC01925C707E800A6EBEB /* Chat.swift in Sources */ = {isa = PBXBuildFile; fileRef = E28DC01825C707E800A6EBEB /* Chat.swift */; };
		E28DC01B25C7090000A6EBEB /* ChatService.swift in Sources */ = {isa = PBXBuildFile; fileRef = E28DC01A25C7090000A6EBEB /* ChatService.swift */; };
		E28DC01E25C7097F00A6EBEB /* ChatRootView.swift in Sources */ = {isa = PBXBuildFile; fileRef = E28DC01D25C7097F00A6EBEB /* ChatRootView.swift */; };
		E2930CC125B6089700186364 /* Sounds.swift in Sources */ = {isa = PBXBuildFile; fileRef = E2930CC025B6089700186364 /* Sounds.swift */; };
		E2930CC925B60C3400186364 /* toilet.mp3 in Resources */ = {isa = PBXBuildFile; fileRef = E2930CC825B60C3400186364 /* toilet.mp3 */; };
		E2930CCD25B75BD400186364 /* StaffManageUserViews.swift in Sources */ = {isa = PBXBuildFile; fileRef = E2930CCC25B75BD400186364 /* StaffManageUserViews.swift */; };
		E2A554DA260B8E8D0086B66C /* AppService.swift in Sources */ = {isa = PBXBuildFile; fileRef = E2A554D9260B8E8D0086B66C /* AppService.swift */; };
		E2A554DD260B8EC80086B66C /* Sticker.swift in Sources */ = {isa = PBXBuildFile; fileRef = E2A554DC260B8EC80086B66C /* Sticker.swift */; };
		E2A554E1260B90400086B66C /* StickerPickerView.swift in Sources */ = {isa = PBXBuildFile; fileRef = E2A554E0260B90400086B66C /* StickerPickerView.swift */; };
		E2A554E4260B96160086B66C /* SearchBar.swift in Sources */ = {isa = PBXBuildFile; fileRef = E2A554E3260B96160086B66C /* SearchBar.swift */; };
		E2ABC7BA25B0CE7F00EB1B22 /* ProfileView.swift in Sources */ = {isa = PBXBuildFile; fileRef = E2ABC7B925B0CE7F00EB1B22 /* ProfileView.swift */; };
		E2AFE8EF25C7391E00C513D5 /* GPNavigation.swift in Sources */ = {isa = PBXBuildFile; fileRef = E2AFE8EE25C7391E00C513D5 /* GPNavigation.swift */; };
		E2BB736725B062DA00CDB422 /* View+GaryPortal.swift in Sources */ = {isa = PBXBuildFile; fileRef = E2BB736625B062DA00CDB422 /* View+GaryPortal.swift */; };
		E2BB736C25B06DCD00CDB422 /* GPTextField.swift in Sources */ = {isa = PBXBuildFile; fileRef = E2BB736B25B06DCD00CDB422 /* GPTextField.swift */; };
		E2BB736F25B0897F00CDB422 /* ImagePicker.swift in Sources */ = {isa = PBXBuildFile; fileRef = E2BB736E25B0897F00CDB422 /* ImagePicker.swift */; };
		E2BB737825B090C800CDB422 /* CropViewController in Frameworks */ = {isa = PBXBuildFile; productRef = E2BB737725B090C800CDB422 /* CropViewController */; };
		E2BB737B25B0946F00CDB422 /* GaryPortal.swift in Sources */ = {isa = PBXBuildFile; fileRef = E2BB737A25B0946F00CDB422 /* GaryPortal.swift */; };
		E2BB737E25B0951500CDB422 /* AuthService.swift in Sources */ = {isa = PBXBuildFile; fileRef = E2BB737D25B0951500CDB422 /* AuthService.swift */; };
		E2C262FE25DECE99005DBCFA /* CreateChatView.swift in Sources */ = {isa = PBXBuildFile; fileRef = E2C262FD25DECE99005DBCFA /* CreateChatView.swift */; };
		E2DB20AD2606A69900F507AB /* Bugsnag in Frameworks */ = {isa = PBXBuildFile; productRef = E2DB20AC2606A69900F507AB /* Bugsnag */; };
		E2DB20B226091BEA00F507AB /* GPCamOverlay.swift in Sources */ = {isa = PBXBuildFile; fileRef = E2DB20B126091BEA00F507AB /* GPCamOverlay.swift */; };
		E2E0FA1025D42E960069E153 /* ChatMessagesView.swift in Sources */ = {isa = PBXBuildFile; fileRef = E2E0FA0F25D42E960069E153 /* ChatMessagesView.swift */; };
		E2E0FA1225D42E9F0069E153 /* ChatViewModels.swift in Sources */ = {isa = PBXBuildFile; fileRef = E2E0FA1125D42E9F0069E153 /* ChatViewModels.swift */; };
		E2E0FA1425D478B60069E153 /* Report.swift in Sources */ = {isa = PBXBuildFile; fileRef = E2E0FA1325D478B60069E153 /* Report.swift */; };
		E2E0FA1625D47DAA0069E153 /* GPAlert.swift in Sources */ = {isa = PBXBuildFile; fileRef = E2E0FA1525D47DAA0069E153 /* GPAlert.swift */; };
		E2E0FA1825D498620069E153 /* ChatMemberList.swift in Sources */ = {isa = PBXBuildFile; fileRef = E2E0FA1725D498620069E153 /* ChatMemberList.swift */; };
		E2E1FA9B25B10E7200DE3B3C /* PrayerRoomView.swift in Sources */ = {isa = PBXBuildFile; fileRef = E2E1FA9A25B10E7200DE3B3C /* PrayerRoomView.swift */; };
		E2E1FA9E25B1137100DE3B3C /* GPGradientButton.swift in Sources */ = {isa = PBXBuildFile; fileRef = E2E1FA9D25B1137100DE3B3C /* GPGradientButton.swift */; };
		E2F3282225F6C10000F744E9 /* PinchToZoom.swift in Sources */ = {isa = PBXBuildFile; fileRef = E2F3282125F6C10000F744E9 /* PinchToZoom.swift */; };
		E2F492F525D2BEED007A0775 /* Introspect in Frameworks */ = {isa = PBXBuildFile; productRef = E2F492F425D2BEED007A0775 /* Introspect */; };
		E2F492F725D2C193007A0775 /* RefreshScrollView.swift in Sources */ = {isa = PBXBuildFile; fileRef = E2F492F625D2C193007A0775 /* RefreshScrollView.swift */; };
		E2F492FA25D2C62F007A0775 /* ActionClosurable in Frameworks */ = {isa = PBXBuildFile; productRef = E2F492F925D2C62F007A0775 /* ActionClosurable */; };
		E2F4930025D2D08C007A0775 /* SwiftDate in Frameworks */ = {isa = PBXBuildFile; productRef = E2F492FF25D2D08C007A0775 /* SwiftDate */; };
		E2F4930325D2F140007A0775 /* SignalRClient in Frameworks */ = {isa = PBXBuildFile; productRef = E2F4930225D2F140007A0775 /* SignalRClient */; };
		E2F4930525D2F1C7007A0775 /* ChatHub.swift in Sources */ = {isa = PBXBuildFile; fileRef = E2F4930425D2F1C7007A0775 /* ChatHub.swift */; };
/* End PBXBuildFile section */

/* Begin PBXContainerItemProxy section */
		E2249D6F2606974400969824 /* PBXContainerItemProxy */ = {
			isa = PBXContainerItemProxy;
			containerPortal = E23100A125AF6F8D00739E9E /* Project object */;
			proxyType = 1;
			remoteGlobalIDString = E2249D692606974400969824;
			remoteInfo = GPNotifcations;
		};
/* End PBXContainerItemProxy section */

/* Begin PBXCopyFilesBuildPhase section */
		E22B7D7225E523A8004824F5 /* Embed App Extensions */ = {
			isa = PBXCopyFilesBuildPhase;
			buildActionMask = 2147483647;
			dstPath = "";
			dstSubfolderSpec = 13;
			files = (
				E2249D712606974400969824 /* GPNotifcations.appex in Embed App Extensions */,
			);
			name = "Embed App Extensions";
			runOnlyForDeploymentPostprocessing = 0;
		};
		E23B21DF25C354B5007E0629 /* Embed Frameworks */ = {
			isa = PBXCopyFilesBuildPhase;
			buildActionMask = 2147483647;
			dstPath = "";
			dstSubfolderSpec = 10;
			files = (
			);
			name = "Embed Frameworks";
			runOnlyForDeploymentPostprocessing = 0;
		};
/* End PBXCopyFilesBuildPhase section */

/* Begin PBXFileReference section */
		E2155E5025F4155200E48DFA /* ActivityView.swift */ = {isa = PBXFileReference; lastKnownFileType = sourcecode.swift; path = ActivityView.swift; sourceTree = "<group>"; };
		E217755325B0AD730006B7CA /* Foundation+GaryPortal.swift */ = {isa = PBXFileReference; lastKnownFileType = sourcecode.swift; path = "Foundation+GaryPortal.swift"; sourceTree = "<group>"; };
		E217755A25B0BC4D0006B7CA /* HostController.swift */ = {isa = PBXFileReference; lastKnownFileType = sourcecode.swift; path = HostController.swift; sourceTree = "<group>"; };
		E217756425B0CCA80006B7CA /* GaryPortalSwipeController.swift */ = {isa = PBXFileReference; fileEncoding = 4; lastKnownFileType = sourcecode.swift; path = GaryPortalSwipeController.swift; sourceTree = "<group>"; };
		E2249D6A2606974400969824 /* GPNotifcations.appex */ = {isa = PBXFileReference; explicitFileType = "wrapper.app-extension"; includeInIndex = 0; path = GPNotifcations.appex; sourceTree = BUILT_PRODUCTS_DIR; };
		E2249D6C2606974400969824 /* NotificationService.swift */ = {isa = PBXFileReference; lastKnownFileType = sourcecode.swift; path = NotificationService.swift; sourceTree = "<group>"; };
		E2249D6E2606974400969824 /* Info.plist */ = {isa = PBXFileReference; lastKnownFileType = text.plist.xml; path = Info.plist; sourceTree = "<group>"; };
		E2249D7626069EA400969824 /* GPNotifcations.entitlements */ = {isa = PBXFileReference; lastKnownFileType = text.plist.entitlements; path = GPNotifcations.entitlements; sourceTree = "<group>"; };
		E22C032925DC6FD2001E78BC /* FeedAditLogView.swift */ = {isa = PBXFileReference; lastKnownFileType = sourcecode.swift; path = FeedAditLogView.swift; sourceTree = "<group>"; };
		E23100A925AF6F8E00739E9E /* GaryPortal.app */ = {isa = PBXFileReference; explicitFileType = wrapper.application; includeInIndex = 0; path = GaryPortal.app; sourceTree = BUILT_PRODUCTS_DIR; };
		E23100AC25AF6F8E00739E9E /* AppDelegate.swift */ = {isa = PBXFileReference; lastKnownFileType = sourcecode.swift; path = AppDelegate.swift; sourceTree = "<group>"; };
		E23100AE25AF6F8E00739E9E /* SceneDelegate.swift */ = {isa = PBXFileReference; lastKnownFileType = sourcecode.swift; path = SceneDelegate.swift; sourceTree = "<group>"; };
		E23100B025AF6F8E00739E9E /* ContentView.swift */ = {isa = PBXFileReference; lastKnownFileType = sourcecode.swift; path = ContentView.swift; sourceTree = "<group>"; };
		E23100B225AF6F8F00739E9E /* Assets.xcassets */ = {isa = PBXFileReference; lastKnownFileType = folder.assetcatalog; path = Assets.xcassets; sourceTree = "<group>"; };
		E23100B525AF6F8F00739E9E /* Preview Assets.xcassets */ = {isa = PBXFileReference; lastKnownFileType = folder.assetcatalog; path = "Preview Assets.xcassets"; sourceTree = "<group>"; };
		E23100B825AF6F8F00739E9E /* Base */ = {isa = PBXFileReference; lastKnownFileType = file.storyboard; name = Base; path = Base.lproj/LaunchScreen.storyboard; sourceTree = "<group>"; };
		E23100BA25AF6F8F00739E9E /* Info.plist */ = {isa = PBXFileReference; lastKnownFileType = text.plist.xml; path = Info.plist; sourceTree = "<group>"; };
		E23B907825B9C4AF00C0C201 /* Misc.swift */ = {isa = PBXFileReference; lastKnownFileType = sourcecode.swift; path = Misc.swift; sourceTree = "<group>"; };
		E23B907D25B9CB3E00C0C201 /* FeedView.swift */ = {isa = PBXFileReference; lastKnownFileType = sourcecode.swift; path = FeedView.swift; sourceTree = "<group>"; };
		E23B908125BA048000C0C201 /* FeedService.swift */ = {isa = PBXFileReference; lastKnownFileType = sourcecode.swift; path = FeedService.swift; sourceTree = "<group>"; };
		E23B908425BB1DCB00C0C201 /* PlayerView.swift */ = {isa = PBXFileReference; lastKnownFileType = sourcecode.swift; path = PlayerView.swift; sourceTree = "<group>"; };
		E240D3BE25C01CCD00618E0B /* NSNotification+GaryPortal.swift */ = {isa = PBXFileReference; lastKnownFileType = sourcecode.swift; path = "NSNotification+GaryPortal.swift"; sourceTree = "<group>"; };
		E241B3FE25E02B3F00B15219 /* Bundle+GaryPortal.swift */ = {isa = PBXFileReference; lastKnownFileType = sourcecode.swift; path = "Bundle+GaryPortal.swift"; sourceTree = "<group>"; };
		E249D96825D53DF50056B027 /* GPCamera.swift */ = {isa = PBXFileReference; lastKnownFileType = sourcecode.swift; path = GPCamera.swift; sourceTree = "<group>"; };
		E249D97F25D54B6C0056B027 /* CameraService.swift */ = {isa = PBXFileReference; lastKnownFileType = sourcecode.swift; path = CameraService.swift; sourceTree = "<group>"; };
		E249D98125D599380056B027 /* ColourPicker.swift */ = {isa = PBXFileReference; lastKnownFileType = sourcecode.swift; path = ColourPicker.swift; sourceTree = "<group>"; };
		E24D8B7325E1A11900E38F0B /* GaryPortalHub.swift */ = {isa = PBXFileReference; lastKnownFileType = sourcecode.swift; path = GaryPortalHub.swift; sourceTree = "<group>"; };
		E253732026094F5F00EF6247 /* GPCamTextView.swift */ = {isa = PBXFileReference; lastKnownFileType = sourcecode.swift; path = GPCamTextView.swift; sourceTree = "<group>"; };
		E253732426095AF100EF6247 /* GPColourPicker.swift */ = {isa = PBXFileReference; lastKnownFileType = sourcecode.swift; path = GPColourPicker.swift; sourceTree = "<group>"; };
		E25C1DAA25B1AAC90046EA6C /* AdminService.swift */ = {isa = PBXFileReference; lastKnownFileType = sourcecode.swift; path = AdminService.swift; sourceTree = "<group>"; };
		E25C1DAD25B1AC360046EA6C /* ProfileSettingsView.swift */ = {isa = PBXFileReference; lastKnownFileType = sourcecode.swift; path = ProfileSettingsView.swift; sourceTree = "<group>"; };
		E25CC1B125AF702B00B1FA55 /* Team.swift */ = {isa = PBXFileReference; fileEncoding = 4; lastKnownFileType = sourcecode.swift; path = Team.swift; sourceTree = "<group>"; };
		E25CC1B225AF702B00B1FA55 /* AppSettings.swift */ = {isa = PBXFileReference; fileEncoding = 4; lastKnownFileType = sourcecode.swift; path = AppSettings.swift; sourceTree = "<group>"; };
		E25CC1B325AF702B00B1FA55 /* User.swift */ = {isa = PBXFileReference; fileEncoding = 4; lastKnownFileType = sourcecode.swift; path = User.swift; sourceTree = "<group>"; };
		E25CC1B425AF702B00B1FA55 /* Feed.swift */ = {isa = PBXFileReference; fileEncoding = 4; lastKnownFileType = sourcecode.swift; path = Feed.swift; sourceTree = "<group>"; };
		E25CC1B525AF702B00B1FA55 /* Rank.swift */ = {isa = PBXFileReference; fileEncoding = 4; lastKnownFileType = sourcecode.swift; path = Rank.swift; sourceTree = "<group>"; };
		E25CC1B625AF702B00B1FA55 /* UserAuthentication.swift */ = {isa = PBXFileReference; fileEncoding = 4; lastKnownFileType = sourcecode.swift; path = UserAuthentication.swift; sourceTree = "<group>"; };
		E25CC1BF25AF724400B1FA55 /* ZeroPage.swift */ = {isa = PBXFileReference; lastKnownFileType = sourcecode.swift; path = ZeroPage.swift; sourceTree = "<group>"; };
		E2636B2425E3FD5700534FF3 /* GaryPortal.entitlements */ = {isa = PBXFileReference; lastKnownFileType = text.plist.entitlements; path = GaryPortal.entitlements; sourceTree = "<group>"; };
		E26A68A025B22C5C00CD0662 /* SafariView.swift */ = {isa = PBXFileReference; lastKnownFileType = sourcecode.swift; path = SafariView.swift; sourceTree = "<group>"; };
		E26A68A325B2630D00CD0662 /* StaffRoomView.swift */ = {isa = PBXFileReference; lastKnownFileType = sourcecode.swift; path = StaffRoomView.swift; sourceTree = "<group>"; };
		E26A68A625B2D08800CD0662 /* StaffService.swift */ = {isa = PBXFileReference; lastKnownFileType = sourcecode.swift; path = StaffService.swift; sourceTree = "<group>"; };
		E26A68A925B2D0C200CD0662 /* StaffRoomAnnouncement.swift */ = {isa = PBXFileReference; lastKnownFileType = sourcecode.swift; path = StaffRoomAnnouncement.swift; sourceTree = "<group>"; };
		E26C628625B053B400FC2D0D /* APISession.swift */ = {isa = PBXFileReference; fileEncoding = 4; lastKnownFileType = sourcecode.swift; path = APISession.swift; sourceTree = "<group>"; };
		E26C628925B053BD00FC2D0D /* UserService.swift */ = {isa = PBXFileReference; lastKnownFileType = sourcecode.swift; path = UserService.swift; sourceTree = "<group>"; };
		E26C628C25B055C700FC2D0D /* SignInView.swift */ = {isa = PBXFileReference; lastKnownFileType = sourcecode.swift; path = SignInView.swift; sourceTree = "<group>"; };
		E26C629025B0569800FC2D0D /* Montserrat-Light.ttf */ = {isa = PBXFileReference; lastKnownFileType = file; path = "Montserrat-Light.ttf"; sourceTree = "<group>"; };
		E26C629125B0569900FC2D0D /* Montserrat-ExtraLight.ttf */ = {isa = PBXFileReference; lastKnownFileType = file; path = "Montserrat-ExtraLight.ttf"; sourceTree = "<group>"; };
		E26C629225B0569900FC2D0D /* Montserrat-Regular.ttf */ = {isa = PBXFileReference; lastKnownFileType = file; path = "Montserrat-Regular.ttf"; sourceTree = "<group>"; };
		E26C629325B0569900FC2D0D /* Montserrat-SemiBold.ttf */ = {isa = PBXFileReference; lastKnownFileType = file; path = "Montserrat-SemiBold.ttf"; sourceTree = "<group>"; };
		E278BF2125B0DD3700DE8D44 /* GPImageLoader.swift */ = {isa = PBXFileReference; lastKnownFileType = sourcecode.swift; path = GPImageLoader.swift; sourceTree = "<group>"; };
		E278E1D725DD5ABB00C16E18 /* UploadFeedView.swift */ = {isa = PBXFileReference; lastKnownFileType = sourcecode.swift; path = UploadFeedView.swift; sourceTree = "<group>"; };
		E278E1D925DD636A00C16E18 /* Merge.swift */ = {isa = PBXFileReference; lastKnownFileType = sourcecode.swift; path = Merge.swift; sourceTree = "<group>"; };
		E278E1DB25DDC71000C16E18 /* ListSeparator.swift */ = {isa = PBXFileReference; lastKnownFileType = sourcecode.swift; path = ListSeparator.swift; sourceTree = "<group>"; };
		E28084D125E96926008599B0 /* GPWhatsNew.swift */ = {isa = PBXFileReference; lastKnownFileType = sourcecode.swift; path = GPWhatsNew.swift; sourceTree = "<group>"; };
		E2813A7D2605084100E395E9 /* FeedDataSources.swift */ = {isa = PBXFileReference; lastKnownFileType = sourcecode.swift; path = FeedDataSources.swift; sourceTree = "<group>"; };
		E2813A8026050B6C00E395E9 /* NSURLResponse+Haneke.swift */ = {isa = PBXFileReference; fileEncoding = 4; lastKnownFileType = sourcecode.swift; path = "NSURLResponse+Haneke.swift"; sourceTree = "<group>"; };
		E2813A8126050B6C00E395E9 /* String+Haneke.swift */ = {isa = PBXFileReference; fileEncoding = 4; lastKnownFileType = sourcecode.swift; path = "String+Haneke.swift"; sourceTree = "<group>"; };
		E2813A8326050B6C00E395E9 /* Format.swift */ = {isa = PBXFileReference; fileEncoding = 4; lastKnownFileType = sourcecode.swift; path = Format.swift; sourceTree = "<group>"; };
		E2813A8426050B6C00E395E9 /* Fetch.swift */ = {isa = PBXFileReference; fileEncoding = 4; lastKnownFileType = sourcecode.swift; path = Fetch.swift; sourceTree = "<group>"; };
		E2813A8626050B6C00E395E9 /* UIButton+Haneke.swift */ = {isa = PBXFileReference; fileEncoding = 4; lastKnownFileType = sourcecode.swift; path = "UIButton+Haneke.swift"; sourceTree = "<group>"; };
		E2813A8726050B6C00E395E9 /* Haneke.swift */ = {isa = PBXFileReference; fileEncoding = 4; lastKnownFileType = sourcecode.swift; path = Haneke.swift; sourceTree = "<group>"; };
		E2813A8826050B6D00E395E9 /* UIImage+Haneke.swift */ = {isa = PBXFileReference; fileEncoding = 4; lastKnownFileType = sourcecode.swift; path = "UIImage+Haneke.swift"; sourceTree = "<group>"; };
		E2813A8926050B6D00E395E9 /* UIImageView+Haneke.swift */ = {isa = PBXFileReference; fileEncoding = 4; lastKnownFileType = sourcecode.swift; path = "UIImageView+Haneke.swift"; sourceTree = "<group>"; };
		E2813A8A26050B6D00E395E9 /* Haneke.h */ = {isa = PBXFileReference; fileEncoding = 4; lastKnownFileType = sourcecode.c.h; path = Haneke.h; sourceTree = "<group>"; };
		E2813A8B26050B6D00E395E9 /* Log.swift */ = {isa = PBXFileReference; fileEncoding = 4; lastKnownFileType = sourcecode.swift; path = Log.swift; sourceTree = "<group>"; };
		E2813A8C26050B6D00E395E9 /* UIView+Haneke.swift */ = {isa = PBXFileReference; fileEncoding = 4; lastKnownFileType = sourcecode.swift; path = "UIView+Haneke.swift"; sourceTree = "<group>"; };
		E2813A8D26050B6D00E395E9 /* CryptoSwiftMD5.swift */ = {isa = PBXFileReference; fileEncoding = 4; lastKnownFileType = sourcecode.swift; path = CryptoSwiftMD5.swift; sourceTree = "<group>"; };
		E2813A8E26050B6D00E395E9 /* NetworkFetcher.swift */ = {isa = PBXFileReference; fileEncoding = 4; lastKnownFileType = sourcecode.swift; path = NetworkFetcher.swift; sourceTree = "<group>"; };
		E2813A8F26050B6D00E395E9 /* DiskCache.swift */ = {isa = PBXFileReference; fileEncoding = 4; lastKnownFileType = sourcecode.swift; path = DiskCache.swift; sourceTree = "<group>"; };
		E2813A9026050B6D00E395E9 /* NSHTTPURLResponse+Haneke.swift */ = {isa = PBXFileReference; fileEncoding = 4; lastKnownFileType = sourcecode.swift; path = "NSHTTPURLResponse+Haneke.swift"; sourceTree = "<group>"; };
		E2813A9126050B6D00E395E9 /* Cache.swift */ = {isa = PBXFileReference; fileEncoding = 4; lastKnownFileType = sourcecode.swift; path = Cache.swift; sourceTree = "<group>"; };
		E2813A9226050B6D00E395E9 /* Fetcher.swift */ = {isa = PBXFileReference; fileEncoding = 4; lastKnownFileType = sourcecode.swift; path = Fetcher.swift; sourceTree = "<group>"; };
		E2813A9326050B6D00E395E9 /* NSFileManager+Haneke.swift */ = {isa = PBXFileReference; fileEncoding = 4; lastKnownFileType = sourcecode.swift; path = "NSFileManager+Haneke.swift"; sourceTree = "<group>"; };
		E2813A9426050B6D00E395E9 /* Data.swift */ = {isa = PBXFileReference; fileEncoding = 4; lastKnownFileType = sourcecode.swift; path = Data.swift; sourceTree = "<group>"; };
		E2813A9526050B6D00E395E9 /* CGSize+Swift.swift */ = {isa = PBXFileReference; fileEncoding = 4; lastKnownFileType = sourcecode.swift; path = "CGSize+Swift.swift"; sourceTree = "<group>"; };
		E2813A9626050B6D00E395E9 /* DiskFetcher.swift */ = {isa = PBXFileReference; fileEncoding = 4; lastKnownFileType = sourcecode.swift; path = DiskFetcher.swift; sourceTree = "<group>"; };
		E28DC01825C707E800A6EBEB /* Chat.swift */ = {isa = PBXFileReference; lastKnownFileType = sourcecode.swift; path = Chat.swift; sourceTree = "<group>"; };
		E28DC01A25C7090000A6EBEB /* ChatService.swift */ = {isa = PBXFileReference; lastKnownFileType = sourcecode.swift; path = ChatService.swift; sourceTree = "<group>"; };
		E28DC01D25C7097F00A6EBEB /* ChatRootView.swift */ = {isa = PBXFileReference; lastKnownFileType = sourcecode.swift; path = ChatRootView.swift; sourceTree = "<group>"; };
		E2930CC025B6089700186364 /* Sounds.swift */ = {isa = PBXFileReference; lastKnownFileType = sourcecode.swift; path = Sounds.swift; sourceTree = "<group>"; };
		E2930CC825B60C3400186364 /* toilet.mp3 */ = {isa = PBXFileReference; lastKnownFileType = audio.mp3; path = toilet.mp3; sourceTree = "<group>"; };
		E2930CCC25B75BD400186364 /* StaffManageUserViews.swift */ = {isa = PBXFileReference; lastKnownFileType = sourcecode.swift; path = StaffManageUserViews.swift; sourceTree = "<group>"; };
		E2A554D9260B8E8D0086B66C /* AppService.swift */ = {isa = PBXFileReference; lastKnownFileType = sourcecode.swift; path = AppService.swift; sourceTree = "<group>"; };
		E2A554DC260B8EC80086B66C /* Sticker.swift */ = {isa = PBXFileReference; lastKnownFileType = sourcecode.swift; path = Sticker.swift; sourceTree = "<group>"; };
		E2A554E0260B90400086B66C /* StickerPickerView.swift */ = {isa = PBXFileReference; lastKnownFileType = sourcecode.swift; path = StickerPickerView.swift; sourceTree = "<group>"; };
		E2A554E3260B96160086B66C /* SearchBar.swift */ = {isa = PBXFileReference; lastKnownFileType = sourcecode.swift; path = SearchBar.swift; sourceTree = "<group>"; };
		E2ABC7B925B0CE7F00EB1B22 /* ProfileView.swift */ = {isa = PBXFileReference; lastKnownFileType = sourcecode.swift; path = ProfileView.swift; sourceTree = "<group>"; };
		E2AFE8EE25C7391E00C513D5 /* GPNavigation.swift */ = {isa = PBXFileReference; lastKnownFileType = sourcecode.swift; path = GPNavigation.swift; sourceTree = "<group>"; };
		E2BB736625B062DA00CDB422 /* View+GaryPortal.swift */ = {isa = PBXFileReference; lastKnownFileType = sourcecode.swift; path = "View+GaryPortal.swift"; sourceTree = "<group>"; };
		E2BB736B25B06DCD00CDB422 /* GPTextField.swift */ = {isa = PBXFileReference; lastKnownFileType = sourcecode.swift; path = GPTextField.swift; sourceTree = "<group>"; };
		E2BB736E25B0897F00CDB422 /* ImagePicker.swift */ = {isa = PBXFileReference; lastKnownFileType = sourcecode.swift; path = ImagePicker.swift; sourceTree = "<group>"; };
		E2BB737A25B0946F00CDB422 /* GaryPortal.swift */ = {isa = PBXFileReference; lastKnownFileType = sourcecode.swift; path = GaryPortal.swift; sourceTree = "<group>"; };
		E2BB737D25B0951500CDB422 /* AuthService.swift */ = {isa = PBXFileReference; lastKnownFileType = sourcecode.swift; path = AuthService.swift; sourceTree = "<group>"; };
		E2C262FD25DECE99005DBCFA /* CreateChatView.swift */ = {isa = PBXFileReference; lastKnownFileType = sourcecode.swift; path = CreateChatView.swift; sourceTree = "<group>"; };
		E2DB20B126091BEA00F507AB /* GPCamOverlay.swift */ = {isa = PBXFileReference; lastKnownFileType = sourcecode.swift; path = GPCamOverlay.swift; sourceTree = "<group>"; };
		E2E0FA0F25D42E960069E153 /* ChatMessagesView.swift */ = {isa = PBXFileReference; lastKnownFileType = sourcecode.swift; path = ChatMessagesView.swift; sourceTree = "<group>"; };
		E2E0FA1125D42E9F0069E153 /* ChatViewModels.swift */ = {isa = PBXFileReference; lastKnownFileType = sourcecode.swift; path = ChatViewModels.swift; sourceTree = "<group>"; };
		E2E0FA1325D478B60069E153 /* Report.swift */ = {isa = PBXFileReference; lastKnownFileType = sourcecode.swift; path = Report.swift; sourceTree = "<group>"; };
		E2E0FA1525D47DAA0069E153 /* GPAlert.swift */ = {isa = PBXFileReference; lastKnownFileType = sourcecode.swift; path = GPAlert.swift; sourceTree = "<group>"; };
		E2E0FA1725D498620069E153 /* ChatMemberList.swift */ = {isa = PBXFileReference; lastKnownFileType = sourcecode.swift; path = ChatMemberList.swift; sourceTree = "<group>"; };
		E2E1FA9A25B10E7200DE3B3C /* PrayerRoomView.swift */ = {isa = PBXFileReference; lastKnownFileType = sourcecode.swift; path = PrayerRoomView.swift; sourceTree = "<group>"; };
		E2E1FA9D25B1137100DE3B3C /* GPGradientButton.swift */ = {isa = PBXFileReference; lastKnownFileType = sourcecode.swift; path = GPGradientButton.swift; sourceTree = "<group>"; };
		E2F3282125F6C10000F744E9 /* PinchToZoom.swift */ = {isa = PBXFileReference; lastKnownFileType = sourcecode.swift; path = PinchToZoom.swift; sourceTree = "<group>"; };
		E2F492F625D2C193007A0775 /* RefreshScrollView.swift */ = {isa = PBXFileReference; lastKnownFileType = sourcecode.swift; path = RefreshScrollView.swift; sourceTree = "<group>"; };
		E2F4930425D2F1C7007A0775 /* ChatHub.swift */ = {isa = PBXFileReference; lastKnownFileType = sourcecode.swift; path = ChatHub.swift; sourceTree = "<group>"; };
/* End PBXFileReference section */

/* Begin PBXFrameworksBuildPhase section */
		E2249D672606974400969824 /* Frameworks */ = {
			isa = PBXFrameworksBuildPhase;
			buildActionMask = 2147483647;
			files = (
			);
			runOnlyForDeploymentPostprocessing = 0;
		};
		E23100A625AF6F8E00739E9E /* Frameworks */ = {
			isa = PBXFrameworksBuildPhase;
			buildActionMask = 2147483647;
			files = (
				E217755825B0B3C30006B7CA /* SwiftKeychainWrapper in Frameworks */,
				E2F492F525D2BEED007A0775 /* Introspect in Frameworks */,
				E2DB20AD2606A69900F507AB /* Bugsnag in Frameworks */,
				E2F4930325D2F140007A0775 /* SignalRClient in Frameworks */,
				E2F4930025D2D08C007A0775 /* SwiftDate in Frameworks */,
				E2F492FA25D2C62F007A0775 /* ActionClosurable in Frameworks */,
				E2BB737825B090C800CDB422 /* CropViewController in Frameworks */,
			);
			runOnlyForDeploymentPostprocessing = 0;
		};
/* End PBXFrameworksBuildPhase section */

/* Begin PBXGroup section */
		E2249D6B2606974400969824 /* GPNotifcations */ = {
			isa = PBXGroup;
			children = (
				E2249D7626069EA400969824 /* GPNotifcations.entitlements */,
				E2249D6C2606974400969824 /* NotificationService.swift */,
				E2249D6E2606974400969824 /* Info.plist */,
			);
			path = GPNotifcations;
			sourceTree = "<group>";
		};
		E23100A025AF6F8D00739E9E = {
			isa = PBXGroup;
			children = (
				E23100AB25AF6F8E00739E9E /* GaryPortal */,
				E2249D6B2606974400969824 /* GPNotifcations */,
				E23100AA25AF6F8E00739E9E /* Products */,
			);
			sourceTree = "<group>";
		};
		E23100AA25AF6F8E00739E9E /* Products */ = {
			isa = PBXGroup;
			children = (
				E23100A925AF6F8E00739E9E /* GaryPortal.app */,
				E2249D6A2606974400969824 /* GPNotifcations.appex */,
			);
			name = Products;
			sourceTree = "<group>";
		};
		E23100AB25AF6F8E00739E9E /* GaryPortal */ = {
			isa = PBXGroup;
			children = (
				E2636B2425E3FD5700534FF3 /* GaryPortal.entitlements */,
				E23100C125AF6F9600739E9E /* Modules */,
				E23100C325AF6FAB00739E9E /* Assets */,
				E23100C225AF6F9C00739E9E /* Utilities */,
				E25CC1AF25AF700100B1FA55 /* Network */,
				E25CC1B025AF701200B1FA55 /* Models */,
				E23100B025AF6F8E00739E9E /* ContentView.swift */,
				E23100B225AF6F8F00739E9E /* Assets.xcassets */,
				E23100B725AF6F8F00739E9E /* LaunchScreen.storyboard */,
				E23100BA25AF6F8F00739E9E /* Info.plist */,
				E23100B425AF6F8F00739E9E /* Preview Content */,
			);
			path = GaryPortal;
			sourceTree = "<group>";
		};
		E23100B425AF6F8F00739E9E /* Preview Content */ = {
			isa = PBXGroup;
			children = (
				E23100B525AF6F8F00739E9E /* Preview Assets.xcassets */,
			);
			path = "Preview Content";
			sourceTree = "<group>";
		};
		E23100C125AF6F9600739E9E /* Modules */ = {
			isa = PBXGroup;
			children = (
				E28DC01C25C7097500A6EBEB /* Chat */,
				E2ABC7B825B0CE7400EB1B22 /* Profile */,
				E23B907C25B9CB3300C0C201 /* Feed */,
				E25CC1BE25AF70E400B1FA55 /* Login & Signup */,
				E217755A25B0BC4D0006B7CA /* HostController.swift */,
			);
			path = Modules;
			sourceTree = "<group>";
		};
		E23100C225AF6F9C00739E9E /* Utilities */ = {
			isa = PBXGroup;
			children = (
				E2813A7F26050B6500E395E9 /* Cache */,
				E2BB736525B062CC00CDB422 /* Extensions */,
				E217756425B0CCA80006B7CA /* GaryPortalSwipeController.swift */,
				E2BB737A25B0946F00CDB422 /* GaryPortal.swift */,
				E2930CC025B6089700186364 /* Sounds.swift */,
				E249D97F25D54B6C0056B027 /* CameraService.swift */,
				E278E1D925DD636A00C16E18 /* Merge.swift */,
			);
			path = Utilities;
			sourceTree = "<group>";
		};
		E23100C325AF6FAB00739E9E /* Assets */ = {
			isa = PBXGroup;
			children = (
				E2930CC725B60C2B00186364 /* Sounds */,
				E2BB736A25B06DC000CDB422 /* Views */,
				E26C628F25B0568600FC2D0D /* Fonts */,
				E23100AC25AF6F8E00739E9E /* AppDelegate.swift */,
				E23100AE25AF6F8E00739E9E /* SceneDelegate.swift */,
			);
			path = Assets;
			sourceTree = "<group>";
		};
		E23B907C25B9CB3300C0C201 /* Feed */ = {
			isa = PBXGroup;
			children = (
				E23B907D25B9CB3E00C0C201 /* FeedView.swift */,
				E22C032925DC6FD2001E78BC /* FeedAditLogView.swift */,
				E278E1D725DD5ABB00C16E18 /* UploadFeedView.swift */,
				E2813A7D2605084100E395E9 /* FeedDataSources.swift */,
			);
			path = Feed;
			sourceTree = "<group>";
		};
		E25CC1AF25AF700100B1FA55 /* Network */ = {
			isa = PBXGroup;
			children = (
				E26C628625B053B400FC2D0D /* APISession.swift */,
				E25C1DAA25B1AAC90046EA6C /* AdminService.swift */,
				E2A554D9260B8E8D0086B66C /* AppService.swift */,
				E2BB737D25B0951500CDB422 /* AuthService.swift */,
				E2F4930425D2F1C7007A0775 /* ChatHub.swift */,
				E28DC01A25C7090000A6EBEB /* ChatService.swift */,
				E23B908125BA048000C0C201 /* FeedService.swift */,
				E24D8B7325E1A11900E38F0B /* GaryPortalHub.swift */,
				E26A68A625B2D08800CD0662 /* StaffService.swift */,
				E26C628925B053BD00FC2D0D /* UserService.swift */,
			);
			path = Network;
			sourceTree = "<group>";
		};
		E25CC1B025AF701200B1FA55 /* Models */ = {
			isa = PBXGroup;
			children = (
				E25CC1B225AF702B00B1FA55 /* AppSettings.swift */,
				E25CC1B425AF702B00B1FA55 /* Feed.swift */,
				E25CC1B525AF702B00B1FA55 /* Rank.swift */,
				E25CC1B125AF702B00B1FA55 /* Team.swift */,
				E25CC1B325AF702B00B1FA55 /* User.swift */,
				E25CC1B625AF702B00B1FA55 /* UserAuthentication.swift */,
				E26A68A925B2D0C200CD0662 /* StaffRoomAnnouncement.swift */,
				E23B907825B9C4AF00C0C201 /* Misc.swift */,
				E28DC01825C707E800A6EBEB /* Chat.swift */,
				E2E0FA1325D478B60069E153 /* Report.swift */,
				E2A554DC260B8EC80086B66C /* Sticker.swift */,
			);
			path = Models;
			sourceTree = "<group>";
		};
		E25CC1BE25AF70E400B1FA55 /* Login & Signup */ = {
			isa = PBXGroup;
			children = (
				E25CC1BF25AF724400B1FA55 /* ZeroPage.swift */,
				E26C628C25B055C700FC2D0D /* SignInView.swift */,
			);
			path = "Login & Signup";
			sourceTree = "<group>";
		};
		E26C628F25B0568600FC2D0D /* Fonts */ = {
			isa = PBXGroup;
			children = (
				E26C629125B0569900FC2D0D /* Montserrat-ExtraLight.ttf */,
				E26C629025B0569800FC2D0D /* Montserrat-Light.ttf */,
				E26C629225B0569900FC2D0D /* Montserrat-Regular.ttf */,
				E26C629325B0569900FC2D0D /* Montserrat-SemiBold.ttf */,
			);
			path = Fonts;
			sourceTree = "<group>";
		};
		E2813A7F26050B6500E395E9 /* Cache */ = {
			isa = PBXGroup;
			children = (
				E2813A9126050B6D00E395E9 /* Cache.swift */,
				E2813A9526050B6D00E395E9 /* CGSize+Swift.swift */,
				E2813A8D26050B6D00E395E9 /* CryptoSwiftMD5.swift */,
				E2813A9426050B6D00E395E9 /* Data.swift */,
				E2813A8F26050B6D00E395E9 /* DiskCache.swift */,
				E2813A9626050B6D00E395E9 /* DiskFetcher.swift */,
				E2813A8426050B6C00E395E9 /* Fetch.swift */,
				E2813A9226050B6D00E395E9 /* Fetcher.swift */,
				E2813A8326050B6C00E395E9 /* Format.swift */,
				E2813A8A26050B6D00E395E9 /* Haneke.h */,
				E2813A8726050B6C00E395E9 /* Haneke.swift */,
				E2813A8B26050B6D00E395E9 /* Log.swift */,
				E2813A8E26050B6D00E395E9 /* NetworkFetcher.swift */,
				E2813A9326050B6D00E395E9 /* NSFileManager+Haneke.swift */,
				E2813A9026050B6D00E395E9 /* NSHTTPURLResponse+Haneke.swift */,
				E2813A8026050B6C00E395E9 /* NSURLResponse+Haneke.swift */,
				E2813A8126050B6C00E395E9 /* String+Haneke.swift */,
				E2813A8626050B6C00E395E9 /* UIButton+Haneke.swift */,
				E2813A8826050B6D00E395E9 /* UIImage+Haneke.swift */,
				E2813A8926050B6D00E395E9 /* UIImageView+Haneke.swift */,
				E2813A8C26050B6D00E395E9 /* UIView+Haneke.swift */,
			);
			path = Cache;
			sourceTree = "<group>";
		};
		E28DC01C25C7097500A6EBEB /* Chat */ = {
			isa = PBXGroup;
			children = (
				E28DC01D25C7097F00A6EBEB /* ChatRootView.swift */,
				E2E0FA0F25D42E960069E153 /* ChatMessagesView.swift */,
				E2E0FA1125D42E9F0069E153 /* ChatViewModels.swift */,
				E2E0FA1725D498620069E153 /* ChatMemberList.swift */,
				E2C262FD25DECE99005DBCFA /* CreateChatView.swift */,
			);
			path = Chat;
			sourceTree = "<group>";
		};
		E2930CC725B60C2B00186364 /* Sounds */ = {
			isa = PBXGroup;
			children = (
				E2930CC825B60C3400186364 /* toilet.mp3 */,
			);
			path = Sounds;
			sourceTree = "<group>";
		};
		E2ABC7B825B0CE7400EB1B22 /* Profile */ = {
			isa = PBXGroup;
			children = (
				E2ABC7B925B0CE7F00EB1B22 /* ProfileView.swift */,
				E2E1FA9A25B10E7200DE3B3C /* PrayerRoomView.swift */,
				E25C1DAD25B1AC360046EA6C /* ProfileSettingsView.swift */,
				E26A68A325B2630D00CD0662 /* StaffRoomView.swift */,
				E2930CCC25B75BD400186364 /* StaffManageUserViews.swift */,
			);
			path = Profile;
			sourceTree = "<group>";
		};
		E2BB736525B062CC00CDB422 /* Extensions */ = {
			isa = PBXGroup;
			children = (
				E2BB736625B062DA00CDB422 /* View+GaryPortal.swift */,
				E217755325B0AD730006B7CA /* Foundation+GaryPortal.swift */,
				E240D3BE25C01CCD00618E0B /* NSNotification+GaryPortal.swift */,
				E241B3FE25E02B3F00B15219 /* Bundle+GaryPortal.swift */,
			);
			path = Extensions;
			sourceTree = "<group>";
		};
		E2BB736A25B06DC000CDB422 /* Views */ = {
			isa = PBXGroup;
			children = (
				E2DB20B026091BD900F507AB /* Camera */,
				E249D98125D599380056B027 /* ColourPicker.swift */,
				E2E0FA1525D47DAA0069E153 /* GPAlert.swift */,
				E2E1FA9D25B1137100DE3B3C /* GPGradientButton.swift */,
				E2AFE8EE25C7391E00C513D5 /* GPNavigation.swift */,
				E2BB736B25B06DCD00CDB422 /* GPTextField.swift */,
				E28084D125E96926008599B0 /* GPWhatsNew.swift */,
				E278BF2125B0DD3700DE8D44 /* GPImageLoader.swift */,
				E2BB736E25B0897F00CDB422 /* ImagePicker.swift */,
				E278E1DB25DDC71000C16E18 /* ListSeparator.swift */,
				E23B908425BB1DCB00C0C201 /* PlayerView.swift */,
				E2F492F625D2C193007A0775 /* RefreshScrollView.swift */,
				E26A68A025B22C5C00CD0662 /* SafariView.swift */,
				E2155E5025F4155200E48DFA /* ActivityView.swift */,
				E2F3282125F6C10000F744E9 /* PinchToZoom.swift */,
				E2A554E0260B90400086B66C /* StickerPickerView.swift */,
				E2A554E3260B96160086B66C /* SearchBar.swift */,
			);
			path = Views;
			sourceTree = "<group>";
		};
		E2DB20B026091BD900F507AB /* Camera */ = {
			isa = PBXGroup;
			children = (
				E249D96825D53DF50056B027 /* GPCamera.swift */,
				E2DB20B126091BEA00F507AB /* GPCamOverlay.swift */,
				E253732026094F5F00EF6247 /* GPCamTextView.swift */,
				E253732426095AF100EF6247 /* GPColourPicker.swift */,
			);
			path = Camera;
			sourceTree = "<group>";
		};
/* End PBXGroup section */

/* Begin PBXNativeTarget section */
		E2249D692606974400969824 /* GPNotifcations */ = {
			isa = PBXNativeTarget;
			buildConfigurationList = E2249D742606974400969824 /* Build configuration list for PBXNativeTarget "GPNotifcations" */;
			buildPhases = (
				E2249D662606974400969824 /* Sources */,
				E2249D672606974400969824 /* Frameworks */,
				E2249D682606974400969824 /* Resources */,
			);
			buildRules = (
			);
			dependencies = (
			);
			name = GPNotifcations;
			productName = GPNotifcations;
			productReference = E2249D6A2606974400969824 /* GPNotifcations.appex */;
			productType = "com.apple.product-type.app-extension";
		};
		E23100A825AF6F8E00739E9E /* GaryPortal */ = {
			isa = PBXNativeTarget;
			buildConfigurationList = E23100BD25AF6F8F00739E9E /* Build configuration list for PBXNativeTarget "GaryPortal" */;
			buildPhases = (
				E23100A525AF6F8E00739E9E /* Sources */,
				E23100A625AF6F8E00739E9E /* Frameworks */,
				E241B40025E02BD300B15219 /* ShellScript */,
				E23100A725AF6F8E00739E9E /* Resources */,
				E23B21DF25C354B5007E0629 /* Embed Frameworks */,
				E22B7D7225E523A8004824F5 /* Embed App Extensions */,
			);
			buildRules = (
			);
			dependencies = (
				E2249D702606974400969824 /* PBXTargetDependency */,
			);
			name = GaryPortal;
			packageProductDependencies = (
				E2BB737725B090C800CDB422 /* CropViewController */,
				E217755725B0B3C30006B7CA /* SwiftKeychainWrapper */,
				E2F492F425D2BEED007A0775 /* Introspect */,
				E2F492F925D2C62F007A0775 /* ActionClosurable */,
				E2F492FF25D2D08C007A0775 /* SwiftDate */,
				E2F4930225D2F140007A0775 /* SignalRClient */,
				E2DB20AC2606A69900F507AB /* Bugsnag */,
			);
			productName = GaryPortal;
			productReference = E23100A925AF6F8E00739E9E /* GaryPortal.app */;
			productType = "com.apple.product-type.application";
		};
/* End PBXNativeTarget section */

/* Begin PBXProject section */
		E23100A125AF6F8D00739E9E /* Project object */ = {
			isa = PBXProject;
			attributes = {
				LastSwiftUpdateCheck = 1240;
				LastUpgradeCheck = 1220;
				TargetAttributes = {
					E2249D692606974400969824 = {
						CreatedOnToolsVersion = 12.4;
					};
					E23100A825AF6F8E00739E9E = {
						CreatedOnToolsVersion = 12.2;
					};
				};
			};
			buildConfigurationList = E23100A425AF6F8D00739E9E /* Build configuration list for PBXProject "GaryPortal" */;
			compatibilityVersion = "Xcode 9.3";
			developmentRegion = en;
			hasScannedForEncodings = 0;
			knownRegions = (
				en,
				Base,
			);
			mainGroup = E23100A025AF6F8D00739E9E;
			packageReferences = (
				E2BB737625B090C800CDB422 /* XCRemoteSwiftPackageReference "TOCropViewController" */,
				E217755625B0B3C30006B7CA /* XCRemoteSwiftPackageReference "SwiftKeychainWrapper" */,
				E2F492F325D2BEED007A0775 /* XCRemoteSwiftPackageReference "SwiftUI-Introspect" */,
				E2F492F825D2C62F007A0775 /* XCRemoteSwiftPackageReference "ActionClosurable" */,
				E2F492FE25D2D08C007A0775 /* XCRemoteSwiftPackageReference "SwiftDate" */,
				E2F4930125D2F140007A0775 /* XCRemoteSwiftPackageReference "SignalR-Client-Swift" */,
				E2DB20AB2606A69900F507AB /* XCRemoteSwiftPackageReference "bugsnag-cocoa" */,
			);
			productRefGroup = E23100AA25AF6F8E00739E9E /* Products */;
			projectDirPath = "";
			projectRoot = "";
			targets = (
				E23100A825AF6F8E00739E9E /* GaryPortal */,
				E2249D692606974400969824 /* GPNotifcations */,
			);
		};
/* End PBXProject section */

/* Begin PBXResourcesBuildPhase section */
		E2249D682606974400969824 /* Resources */ = {
			isa = PBXResourcesBuildPhase;
			buildActionMask = 2147483647;
			files = (
			);
			runOnlyForDeploymentPostprocessing = 0;
		};
		E23100A725AF6F8E00739E9E /* Resources */ = {
			isa = PBXResourcesBuildPhase;
			buildActionMask = 2147483647;
			files = (
				E26C629625B0569900FC2D0D /* Montserrat-Regular.ttf in Resources */,
				E2930CC925B60C3400186364 /* toilet.mp3 in Resources */,
				E26C629425B0569900FC2D0D /* Montserrat-Light.ttf in Resources */,
				E23100B925AF6F8F00739E9E /* LaunchScreen.storyboard in Resources */,
				E26C629725B0569900FC2D0D /* Montserrat-SemiBold.ttf in Resources */,
				E23100B625AF6F8F00739E9E /* Preview Assets.xcassets in Resources */,
				E23100B325AF6F8F00739E9E /* Assets.xcassets in Resources */,
				E26C629525B0569900FC2D0D /* Montserrat-ExtraLight.ttf in Resources */,
			);
			runOnlyForDeploymentPostprocessing = 0;
		};
/* End PBXResourcesBuildPhase section */

/* Begin PBXShellScriptBuildPhase section */
		E241B40025E02BD300B15219 /* ShellScript */ = {
			isa = PBXShellScriptBuildPhase;
			alwaysOutOfDate = 1;
			buildActionMask = 8;
			files = (
			);
			inputFileListPaths = (
			);
			inputPaths = (
			);
			outputFileListPaths = (
			);
			outputPaths = (
			);
			runOnlyForDeploymentPostprocessing = 1;
			shellPath = /bin/sh;
			shellScript = "# Type a script or drag a script file from your workspace to insert its path.\necho \"----\"\necho \"Info.plist for target: ${PRODUCT_SETTINGS_PATH}\"\n\nbuildNum=$(/usr/libexec/Plistbuddy -c \"Print CFBundleVersion\" \"${PRODUCT_SETTINGS_PATH}\")\necho \"Current build #: $buildNum\"\n\nif [ -z \"$buildNum\" ]; then\necho \"No build number found in $PRODUCT_SETTINGS_PATH\"\nexit 2\nfi\n\nbuildNum=$(expr $buildNum + 1)\necho \"Build # incremented to: $buildNum\"\n/usr/libexec/PlistBuddy -c \"Set :CFBundleVersion $buildNum\" \"$PRODUCT_SETTINGS_PATH\"\necho \"----\"\nexit 0 \n";
		};
/* End PBXShellScriptBuildPhase section */

/* Begin PBXSourcesBuildPhase section */
		E2249D662606974400969824 /* Sources */ = {
			isa = PBXSourcesBuildPhase;
			buildActionMask = 2147483647;
			files = (
				E2249D6D2606974400969824 /* NotificationService.swift in Sources */,
			);
			runOnlyForDeploymentPostprocessing = 0;
		};
		E23100A525AF6F8E00739E9E /* Sources */ = {
			isa = PBXSourcesBuildPhase;
			buildActionMask = 2147483647;
			files = (
				E25CC1B725AF702B00B1FA55 /* Team.swift in Sources */,
				E2155E5125F4155200E48DFA /* ActivityView.swift in Sources */,
				E2813AAC26050B6D00E395E9 /* DiskFetcher.swift in Sources */,
				E2A554E1260B90400086B66C /* StickerPickerView.swift in Sources */,
				E2BB736725B062DA00CDB422 /* View+GaryPortal.swift in Sources */,
				E2813A9F26050B6D00E395E9 /* UIImage+Haneke.swift in Sources */,
				E241B3FF25E02B3F00B15219 /* Bundle+GaryPortal.swift in Sources */,
				E2E1FA9E25B1137100DE3B3C /* GPGradientButton.swift in Sources */,
				E2813AAB26050B6D00E395E9 /* CGSize+Swift.swift in Sources */,
				E28DC01E25C7097F00A6EBEB /* ChatRootView.swift in Sources */,
				E2813AA426050B6D00E395E9 /* NetworkFetcher.swift in Sources */,
				E2E0FA1025D42E960069E153 /* ChatMessagesView.swift in Sources */,
				E2930CC125B6089700186364 /* Sounds.swift in Sources */,
				E2F3282225F6C10000F744E9 /* PinchToZoom.swift in Sources */,
				E240D3BF25C01CCD00618E0B /* NSNotification+GaryPortal.swift in Sources */,
				E2AFE8EF25C7391E00C513D5 /* GPNavigation.swift in Sources */,
				E2813A9B26050B6D00E395E9 /* Fetch.swift in Sources */,
				E25C1DAB25B1AAC90046EA6C /* AdminService.swift in Sources */,
				E25CC1BB25AF702B00B1FA55 /* Rank.swift in Sources */,
				E2BB737E25B0951500CDB422 /* AuthService.swift in Sources */,
				E2E0FA1825D498620069E153 /* ChatMemberList.swift in Sources */,
				E2813AA026050B6D00E395E9 /* UIImageView+Haneke.swift in Sources */,
				E2813A9726050B6D00E395E9 /* NSURLResponse+Haneke.swift in Sources */,
				E2A554DA260B8E8D0086B66C /* AppService.swift in Sources */,
				E2813A9D26050B6D00E395E9 /* UIButton+Haneke.swift in Sources */,
				E2813AA526050B6D00E395E9 /* DiskCache.swift in Sources */,
				E25C1DAE25B1AC360046EA6C /* ProfileSettingsView.swift in Sources */,
				E23100AD25AF6F8E00739E9E /* AppDelegate.swift in Sources */,
				E2813AA926050B6D00E395E9 /* NSFileManager+Haneke.swift in Sources */,
				E2BB737B25B0946F00CDB422 /* GaryPortal.swift in Sources */,
				E2813AA226050B6D00E395E9 /* UIView+Haneke.swift in Sources */,
				E2930CCD25B75BD400186364 /* StaffManageUserViews.swift in Sources */,
				E26A68AA25B2D0C200CD0662 /* StaffRoomAnnouncement.swift in Sources */,
				E28DC01B25C7090000A6EBEB /* ChatService.swift in Sources */,
				E28DC01925C707E800A6EBEB /* Chat.swift in Sources */,
				E2813A9E26050B6D00E395E9 /* Haneke.swift in Sources */,
				E278E1DC25DDC71000C16E18 /* ListSeparator.swift in Sources */,
				E2E0FA1425D478B60069E153 /* Report.swift in Sources */,
				E2E0FA1225D42E9F0069E153 /* ChatViewModels.swift in Sources */,
				E25CC1B925AF702B00B1FA55 /* User.swift in Sources */,
				E217755425B0AD730006B7CA /* Foundation+GaryPortal.swift in Sources */,
				E2C262FE25DECE99005DBCFA /* CreateChatView.swift in Sources */,
				E25CC1BA25AF702B00B1FA55 /* Feed.swift in Sources */,
				E2E0FA1625D47DAA0069E153 /* GPAlert.swift in Sources */,
				E2813AA326050B6D00E395E9 /* CryptoSwiftMD5.swift in Sources */,
				E26A68A725B2D08800CD0662 /* StaffService.swift in Sources */,
				E23B908525BB1DCB00C0C201 /* PlayerView.swift in Sources */,
				E253732526095AF100EF6247 /* GPColourPicker.swift in Sources */,
				E2813AA126050B6D00E395E9 /* Log.swift in Sources */,
				E23100AF25AF6F8E00739E9E /* SceneDelegate.swift in Sources */,
				E23B907925B9C4AF00C0C201 /* Misc.swift in Sources */,
				E2813AA826050B6D00E395E9 /* Fetcher.swift in Sources */,
				E24D8B7425E1A11900E38F0B /* GaryPortalHub.swift in Sources */,
				E2BB736C25B06DCD00CDB422 /* GPTextField.swift in Sources */,
				E25CC1C025AF724400B1FA55 /* ZeroPage.swift in Sources */,
				E25CC1BC25AF702B00B1FA55 /* UserAuthentication.swift in Sources */,
				E2F4930525D2F1C7007A0775 /* ChatHub.swift in Sources */,
				E2813AAA26050B6D00E395E9 /* Data.swift in Sources */,
				E278E1D825DD5ABB00C16E18 /* UploadFeedView.swift in Sources */,
				E26C628A25B053BD00FC2D0D /* UserService.swift in Sources */,
				E2813A7E2605084100E395E9 /* FeedDataSources.swift in Sources */,
				E26C628725B053B400FC2D0D /* APISession.swift in Sources */,
				E2A554DD260B8EC80086B66C /* Sticker.swift in Sources */,
				E2813A9A26050B6D00E395E9 /* Format.swift in Sources */,
				E278BF2225B0DD3700DE8D44 /* GPImageLoader.swift in Sources */,
				E23B908225BA048000C0C201 /* FeedService.swift in Sources */,
				E26A68A425B2630D00CD0662 /* StaffRoomView.swift in Sources */,
				E2DB20B226091BEA00F507AB /* GPCamOverlay.swift in Sources */,
				E2813AA726050B6D00E395E9 /* Cache.swift in Sources */,
				E249D98025D54B6C0056B027 /* CameraService.swift in Sources */,
				E253732126094F5F00EF6247 /* GPCamTextView.swift in Sources */,
				E278E1DA25DD636A00C16E18 /* Merge.swift in Sources */,
				E217755B25B0BC4D0006B7CA /* HostController.swift in Sources */,
				E26A68A125B22C5C00CD0662 /* SafariView.swift in Sources */,
				E23B907E25B9CB3E00C0C201 /* FeedView.swift in Sources */,
				E249D96925D53DF50056B027 /* GPCamera.swift in Sources */,
				E25CC1B825AF702B00B1FA55 /* AppSettings.swift in Sources */,
				E2A554E4260B96160086B66C /* SearchBar.swift in Sources */,
				E2E1FA9B25B10E7200DE3B3C /* PrayerRoomView.swift in Sources */,
				E2BB736F25B0897F00CDB422 /* ImagePicker.swift in Sources */,
				E23100B125AF6F8E00739E9E /* ContentView.swift in Sources */,
				E22C032A25DC6FD2001E78BC /* FeedAditLogView.swift in Sources */,
				E2F492F725D2C193007A0775 /* RefreshScrollView.swift in Sources */,
				E26C628D25B055C700FC2D0D /* SignInView.swift in Sources */,
				E2ABC7BA25B0CE7F00EB1B22 /* ProfileView.swift in Sources */,
				E217756525B0CCA80006B7CA /* GaryPortalSwipeController.swift in Sources */,
				E249D98225D599380056B027 /* ColourPicker.swift in Sources */,
				E28084D225E96926008599B0 /* GPWhatsNew.swift in Sources */,
				E2813A9826050B6D00E395E9 /* String+Haneke.swift in Sources */,
				E2813AA626050B6D00E395E9 /* NSHTTPURLResponse+Haneke.swift in Sources */,
			);
			runOnlyForDeploymentPostprocessing = 0;
		};
/* End PBXSourcesBuildPhase section */

/* Begin PBXTargetDependency section */
		E2249D702606974400969824 /* PBXTargetDependency */ = {
			isa = PBXTargetDependency;
			target = E2249D692606974400969824 /* GPNotifcations */;
			targetProxy = E2249D6F2606974400969824 /* PBXContainerItemProxy */;
		};
/* End PBXTargetDependency section */

/* Begin PBXVariantGroup section */
		E23100B725AF6F8F00739E9E /* LaunchScreen.storyboard */ = {
			isa = PBXVariantGroup;
			children = (
				E23100B825AF6F8F00739E9E /* Base */,
			);
			name = LaunchScreen.storyboard;
			sourceTree = "<group>";
		};
/* End PBXVariantGroup section */

/* Begin XCBuildConfiguration section */
		E2249D722606974400969824 /* Debug */ = {
			isa = XCBuildConfiguration;
			buildSettings = {
				CODE_SIGN_ENTITLEMENTS = GPNotifcations/GPNotifcations.entitlements;
				CODE_SIGN_STYLE = Automatic;
				DEVELOPMENT_TEAM = 8H3J46CN24;
				INFOPLIST_FILE = GPNotifcations/Info.plist;
				IPHONEOS_DEPLOYMENT_TARGET = 14.4;
				LD_RUNPATH_SEARCH_PATHS = (
					"$(inherited)",
					"@executable_path/Frameworks",
					"@executable_path/../../Frameworks",
				);
				PRODUCT_BUNDLE_IDENTIFIER = com.aroundme.AlMurray.GPNotifcations;
				PRODUCT_NAME = "$(TARGET_NAME)";
				SKIP_INSTALL = YES;
				SWIFT_VERSION = 5.0;
				TARGETED_DEVICE_FAMILY = "1,2";
			};
			name = Debug;
		};
		E2249D732606974400969824 /* Release */ = {
			isa = XCBuildConfiguration;
			buildSettings = {
				CODE_SIGN_ENTITLEMENTS = GPNotifcations/GPNotifcations.entitlements;
				CODE_SIGN_STYLE = Automatic;
				DEVELOPMENT_TEAM = 8H3J46CN24;
				INFOPLIST_FILE = GPNotifcations/Info.plist;
				IPHONEOS_DEPLOYMENT_TARGET = 14.4;
				LD_RUNPATH_SEARCH_PATHS = (
					"$(inherited)",
					"@executable_path/Frameworks",
					"@executable_path/../../Frameworks",
				);
				PRODUCT_BUNDLE_IDENTIFIER = com.aroundme.AlMurray.GPNotifcations;
				PRODUCT_NAME = "$(TARGET_NAME)";
				SKIP_INSTALL = YES;
				SWIFT_VERSION = 5.0;
				TARGETED_DEVICE_FAMILY = "1,2";
			};
			name = Release;
		};
		E23100BB25AF6F8F00739E9E /* Debug */ = {
			isa = XCBuildConfiguration;
			buildSettings = {
				ALWAYS_SEARCH_USER_PATHS = NO;
				CLANG_ANALYZER_NONNULL = YES;
				CLANG_ANALYZER_NUMBER_OBJECT_CONVERSION = YES_AGGRESSIVE;
				CLANG_CXX_LANGUAGE_STANDARD = "gnu++14";
				CLANG_CXX_LIBRARY = "libc++";
				CLANG_ENABLE_MODULES = YES;
				CLANG_ENABLE_OBJC_ARC = YES;
				CLANG_ENABLE_OBJC_WEAK = YES;
				CLANG_WARN_BLOCK_CAPTURE_AUTORELEASING = YES;
				CLANG_WARN_BOOL_CONVERSION = YES;
				CLANG_WARN_COMMA = YES;
				CLANG_WARN_CONSTANT_CONVERSION = YES;
				CLANG_WARN_DEPRECATED_OBJC_IMPLEMENTATIONS = YES;
				CLANG_WARN_DIRECT_OBJC_ISA_USAGE = YES_ERROR;
				CLANG_WARN_DOCUMENTATION_COMMENTS = YES;
				CLANG_WARN_EMPTY_BODY = YES;
				CLANG_WARN_ENUM_CONVERSION = YES;
				CLANG_WARN_INFINITE_RECURSION = YES;
				CLANG_WARN_INT_CONVERSION = YES;
				CLANG_WARN_NON_LITERAL_NULL_CONVERSION = YES;
				CLANG_WARN_OBJC_IMPLICIT_RETAIN_SELF = YES;
				CLANG_WARN_OBJC_LITERAL_CONVERSION = YES;
				CLANG_WARN_OBJC_ROOT_CLASS = YES_ERROR;
				CLANG_WARN_QUOTED_INCLUDE_IN_FRAMEWORK_HEADER = YES;
				CLANG_WARN_RANGE_LOOP_ANALYSIS = YES;
				CLANG_WARN_STRICT_PROTOTYPES = YES;
				CLANG_WARN_SUSPICIOUS_MOVE = YES;
				CLANG_WARN_UNGUARDED_AVAILABILITY = YES_AGGRESSIVE;
				CLANG_WARN_UNREACHABLE_CODE = YES;
				CLANG_WARN__DUPLICATE_METHOD_MATCH = YES;
				COPY_PHASE_STRIP = NO;
				DEBUG_INFORMATION_FORMAT = dwarf;
				ENABLE_STRICT_OBJC_MSGSEND = YES;
				ENABLE_TESTABILITY = YES;
				GCC_C_LANGUAGE_STANDARD = gnu11;
				GCC_DYNAMIC_NO_PIC = NO;
				GCC_NO_COMMON_BLOCKS = YES;
				GCC_OPTIMIZATION_LEVEL = 0;
				GCC_PREPROCESSOR_DEFINITIONS = (
					"DEBUG=1",
					"$(inherited)",
				);
				GCC_WARN_64_TO_32_BIT_CONVERSION = YES;
				GCC_WARN_ABOUT_RETURN_TYPE = YES_ERROR;
				GCC_WARN_UNDECLARED_SELECTOR = YES;
				GCC_WARN_UNINITIALIZED_AUTOS = YES_AGGRESSIVE;
				GCC_WARN_UNUSED_FUNCTION = YES;
				GCC_WARN_UNUSED_VARIABLE = YES;
				IPHONEOS_DEPLOYMENT_TARGET = 14.2;
				MTL_ENABLE_DEBUG_INFO = INCLUDE_SOURCE;
				MTL_FAST_MATH = YES;
				ONLY_ACTIVE_ARCH = YES;
				SDKROOT = iphoneos;
				SWIFT_ACTIVE_COMPILATION_CONDITIONS = DEBUG;
				SWIFT_OPTIMIZATION_LEVEL = "-Onone";
			};
			name = Debug;
		};
		E23100BC25AF6F8F00739E9E /* Release */ = {
			isa = XCBuildConfiguration;
			buildSettings = {
				ALWAYS_SEARCH_USER_PATHS = NO;
				CLANG_ANALYZER_NONNULL = YES;
				CLANG_ANALYZER_NUMBER_OBJECT_CONVERSION = YES_AGGRESSIVE;
				CLANG_CXX_LANGUAGE_STANDARD = "gnu++14";
				CLANG_CXX_LIBRARY = "libc++";
				CLANG_ENABLE_MODULES = YES;
				CLANG_ENABLE_OBJC_ARC = YES;
				CLANG_ENABLE_OBJC_WEAK = YES;
				CLANG_WARN_BLOCK_CAPTURE_AUTORELEASING = YES;
				CLANG_WARN_BOOL_CONVERSION = YES;
				CLANG_WARN_COMMA = YES;
				CLANG_WARN_CONSTANT_CONVERSION = YES;
				CLANG_WARN_DEPRECATED_OBJC_IMPLEMENTATIONS = YES;
				CLANG_WARN_DIRECT_OBJC_ISA_USAGE = YES_ERROR;
				CLANG_WARN_DOCUMENTATION_COMMENTS = YES;
				CLANG_WARN_EMPTY_BODY = YES;
				CLANG_WARN_ENUM_CONVERSION = YES;
				CLANG_WARN_INFINITE_RECURSION = YES;
				CLANG_WARN_INT_CONVERSION = YES;
				CLANG_WARN_NON_LITERAL_NULL_CONVERSION = YES;
				CLANG_WARN_OBJC_IMPLICIT_RETAIN_SELF = YES;
				CLANG_WARN_OBJC_LITERAL_CONVERSION = YES;
				CLANG_WARN_OBJC_ROOT_CLASS = YES_ERROR;
				CLANG_WARN_QUOTED_INCLUDE_IN_FRAMEWORK_HEADER = YES;
				CLANG_WARN_RANGE_LOOP_ANALYSIS = YES;
				CLANG_WARN_STRICT_PROTOTYPES = YES;
				CLANG_WARN_SUSPICIOUS_MOVE = YES;
				CLANG_WARN_UNGUARDED_AVAILABILITY = YES_AGGRESSIVE;
				CLANG_WARN_UNREACHABLE_CODE = YES;
				CLANG_WARN__DUPLICATE_METHOD_MATCH = YES;
				COPY_PHASE_STRIP = NO;
				DEBUG_INFORMATION_FORMAT = "dwarf-with-dsym";
				ENABLE_NS_ASSERTIONS = NO;
				ENABLE_STRICT_OBJC_MSGSEND = YES;
				GCC_C_LANGUAGE_STANDARD = gnu11;
				GCC_NO_COMMON_BLOCKS = YES;
				GCC_WARN_64_TO_32_BIT_CONVERSION = YES;
				GCC_WARN_ABOUT_RETURN_TYPE = YES_ERROR;
				GCC_WARN_UNDECLARED_SELECTOR = YES;
				GCC_WARN_UNINITIALIZED_AUTOS = YES_AGGRESSIVE;
				GCC_WARN_UNUSED_FUNCTION = YES;
				GCC_WARN_UNUSED_VARIABLE = YES;
				IPHONEOS_DEPLOYMENT_TARGET = 14.2;
				MTL_ENABLE_DEBUG_INFO = NO;
				MTL_FAST_MATH = YES;
				SDKROOT = iphoneos;
				SWIFT_COMPILATION_MODE = wholemodule;
				SWIFT_OPTIMIZATION_LEVEL = "-O";
				VALIDATE_PRODUCT = YES;
			};
			name = Release;
		};
		E23100BE25AF6F8F00739E9E /* Debug */ = {
			isa = XCBuildConfiguration;
			buildSettings = {
				ALWAYS_EMBED_SWIFT_STANDARD_LIBRARIES = YES;
				ASSETCATALOG_COMPILER_APPICON_NAME = AppIcon;
				ASSETCATALOG_COMPILER_GLOBAL_ACCENT_COLOR_NAME = AccentColor;
				CODE_SIGN_ENTITLEMENTS = GaryPortal/GaryPortal.entitlements;
				CODE_SIGN_STYLE = Automatic;
				CURRENT_PROJECT_VERSION = 777;
				DEVELOPMENT_ASSET_PATHS = "\"GaryPortal/Preview Content\"";
				DEVELOPMENT_TEAM = 8H3J46CN24;
				ENABLE_PREVIEWS = YES;
				INFOPLIST_FILE = GaryPortal/Info.plist;
				IPHONEOS_DEPLOYMENT_TARGET = 14.1;
				LD_RUNPATH_SEARCH_PATHS = (
					"$(inherited)",
					"@executable_path/Frameworks",
				);
				MARKETING_VERSION = 4.1;
				OTHER_SWIFT_FLAGS = "-DDEBUG";
				PRODUCT_BUNDLE_IDENTIFIER = com.aroundme.AlMurray;
				PRODUCT_NAME = "$(TARGET_NAME)";
				SWIFT_ENFORCE_EXCLUSIVE_ACCESS = off;
				SWIFT_VERSION = 5.0;
				TARGETED_DEVICE_FAMILY = 1;
			};
			name = Debug;
		};
		E23100BF25AF6F8F00739E9E /* Release */ = {
			isa = XCBuildConfiguration;
			buildSettings = {
				ALWAYS_EMBED_SWIFT_STANDARD_LIBRARIES = YES;
				ASSETCATALOG_COMPILER_APPICON_NAME = AppIcon;
				ASSETCATALOG_COMPILER_GLOBAL_ACCENT_COLOR_NAME = AccentColor;
				CODE_SIGN_ENTITLEMENTS = GaryPortal/GaryPortal.entitlements;
				CODE_SIGN_STYLE = Automatic;
				CURRENT_PROJECT_VERSION = 777;
				DEVELOPMENT_ASSET_PATHS = "\"GaryPortal/Preview Content\"";
				DEVELOPMENT_TEAM = 8H3J46CN24;
				ENABLE_PREVIEWS = YES;
				INFOPLIST_FILE = GaryPortal/Info.plist;
				IPHONEOS_DEPLOYMENT_TARGET = 14.1;
				LD_RUNPATH_SEARCH_PATHS = (
					"$(inherited)",
					"@executable_path/Frameworks",
				);
				MARKETING_VERSION = 4.1;
				"OTHER_SWIFT_FLAGS[arch=*]" = "-DRELEASE";
				PRODUCT_BUNDLE_IDENTIFIER = com.aroundme.AlMurray;
				PRODUCT_NAME = "$(TARGET_NAME)";
				SWIFT_ENFORCE_EXCLUSIVE_ACCESS = off;
				SWIFT_VERSION = 5.0;
				TARGETED_DEVICE_FAMILY = 1;
			};
			name = Release;
		};
/* End XCBuildConfiguration section */

/* Begin XCConfigurationList section */
		E2249D742606974400969824 /* Build configuration list for PBXNativeTarget "GPNotifcations" */ = {
			isa = XCConfigurationList;
			buildConfigurations = (
				E2249D722606974400969824 /* Debug */,
				E2249D732606974400969824 /* Release */,
			);
			defaultConfigurationIsVisible = 0;
			defaultConfigurationName = Release;
		};
		E23100A425AF6F8D00739E9E /* Build configuration list for PBXProject "GaryPortal" */ = {
			isa = XCConfigurationList;
			buildConfigurations = (
				E23100BB25AF6F8F00739E9E /* Debug */,
				E23100BC25AF6F8F00739E9E /* Release */,
			);
			defaultConfigurationIsVisible = 0;
			defaultConfigurationName = Release;
		};
		E23100BD25AF6F8F00739E9E /* Build configuration list for PBXNativeTarget "GaryPortal" */ = {
			isa = XCConfigurationList;
			buildConfigurations = (
				E23100BE25AF6F8F00739E9E /* Debug */,
				E23100BF25AF6F8F00739E9E /* Release */,
			);
			defaultConfigurationIsVisible = 0;
			defaultConfigurationName = Release;
		};
/* End XCConfigurationList section */

/* Begin XCRemoteSwiftPackageReference section */
		E217755625B0B3C30006B7CA /* XCRemoteSwiftPackageReference "SwiftKeychainWrapper" */ = {
			isa = XCRemoteSwiftPackageReference;
			repositoryURL = "https://github.com/jrendel/SwiftKeychainWrapper";
			requirement = {
				kind = upToNextMajorVersion;
				minimumVersion = 4.0.1;
			};
		};
		E2BB737625B090C800CDB422 /* XCRemoteSwiftPackageReference "TOCropViewController" */ = {
			isa = XCRemoteSwiftPackageReference;
			repositoryURL = "https://github.com/TimOliver/TOCropViewController.git";
			requirement = {
				kind = upToNextMajorVersion;
				minimumVersion = 2.6.0;
			};
		};
		E2DB20AB2606A69900F507AB /* XCRemoteSwiftPackageReference "bugsnag-cocoa" */ = {
			isa = XCRemoteSwiftPackageReference;
			repositoryURL = "https://github.com/bugsnag/bugsnag-cocoa";
			requirement = {
				kind = upToNextMajorVersion;
				minimumVersion = 6.8.0;
			};
		};
		E2F492F325D2BEED007A0775 /* XCRemoteSwiftPackageReference "SwiftUI-Introspect" */ = {
			isa = XCRemoteSwiftPackageReference;
			repositoryURL = "https://github.com/siteline/SwiftUI-Introspect.git";
			requirement = {
				kind = upToNextMajorVersion;
				minimumVersion = 0.1.2;
			};
		};
		E2F492F825D2C62F007A0775 /* XCRemoteSwiftPackageReference "ActionClosurable" */ = {
			isa = XCRemoteSwiftPackageReference;
			repositoryURL = "git@github.com:takasek/ActionClosurable.git";
			requirement = {
				kind = upToNextMajorVersion;
				minimumVersion = 2.1.0;
			};
		};
		E2F492FE25D2D08C007A0775 /* XCRemoteSwiftPackageReference "SwiftDate" */ = {
			isa = XCRemoteSwiftPackageReference;
			repositoryURL = "https://github.com/malcommac/SwiftDate";
			requirement = {
				kind = upToNextMajorVersion;
				minimumVersion = 6.3.1;
			};
		};
		E2F4930125D2F140007A0775 /* XCRemoteSwiftPackageReference "SignalR-Client-Swift" */ = {
			isa = XCRemoteSwiftPackageReference;
			repositoryURL = "https://github.com/moozzyk/SignalR-Client-Swift";
			requirement = {
				kind = upToNextMajorVersion;
				minimumVersion = 0.8.0;
			};
		};
/* End XCRemoteSwiftPackageReference section */

/* Begin XCSwiftPackageProductDependency section */
		E217755725B0B3C30006B7CA /* SwiftKeychainWrapper */ = {
			isa = XCSwiftPackageProductDependency;
			package = E217755625B0B3C30006B7CA /* XCRemoteSwiftPackageReference "SwiftKeychainWrapper" */;
			productName = SwiftKeychainWrapper;
		};
		E2BB737725B090C800CDB422 /* CropViewController */ = {
			isa = XCSwiftPackageProductDependency;
			package = E2BB737625B090C800CDB422 /* XCRemoteSwiftPackageReference "TOCropViewController" */;
			productName = CropViewController;
		};
		E2DB20AC2606A69900F507AB /* Bugsnag */ = {
			isa = XCSwiftPackageProductDependency;
			package = E2DB20AB2606A69900F507AB /* XCRemoteSwiftPackageReference "bugsnag-cocoa" */;
			productName = Bugsnag;
		};
		E2F492F425D2BEED007A0775 /* Introspect */ = {
			isa = XCSwiftPackageProductDependency;
			package = E2F492F325D2BEED007A0775 /* XCRemoteSwiftPackageReference "SwiftUI-Introspect" */;
			productName = Introspect;
		};
		E2F492F925D2C62F007A0775 /* ActionClosurable */ = {
			isa = XCSwiftPackageProductDependency;
			package = E2F492F825D2C62F007A0775 /* XCRemoteSwiftPackageReference "ActionClosurable" */;
			productName = ActionClosurable;
		};
		E2F492FF25D2D08C007A0775 /* SwiftDate */ = {
			isa = XCSwiftPackageProductDependency;
			package = E2F492FE25D2D08C007A0775 /* XCRemoteSwiftPackageReference "SwiftDate" */;
			productName = SwiftDate;
		};
		E2F4930225D2F140007A0775 /* SignalRClient */ = {
			isa = XCSwiftPackageProductDependency;
			package = E2F4930125D2F140007A0775 /* XCRemoteSwiftPackageReference "SignalR-Client-Swift" */;
			productName = SignalRClient;
		};
/* End XCSwiftPackageProductDependency section */
	};
	rootObject = E23100A125AF6F8D00739E9E /* Project object */;
}
