// !$*UTF8*$!
{
	archiveVersion = 1;
	classes = {
	};
	objectVersion = 52;
	objects = {

/* Begin PBXBuildFile section */
		E22FA57024ED7F6B006553ED /* User.swift in Sources */ = {isa = PBXBuildFile; fileRef = E22FA56F24ED7F6B006553ED /* User.swift */; };
		E22FA57224ED80E1006553ED /* UserService.swift in Sources */ = {isa = PBXBuildFile; fileRef = E22FA57124ED80E1006553ED /* UserService.swift */; };
		E22FA57424ED812C006553ED /* APISession.swift in Sources */ = {isa = PBXBuildFile; fileRef = E22FA57324ED812C006553ED /* APISession.swift */; };
		E2300B22250CEC5B000E3AD2 /* GaryPortalSwipeController.swift in Sources */ = {isa = PBXBuildFile; fileRef = E2300B21250CEC5B000E3AD2 /* GaryPortalSwipeController.swift */; };
		E2300B24250CEE37000E3AD2 /* HostController.swift in Sources */ = {isa = PBXBuildFile; fileRef = E2300B23250CEE37000E3AD2 /* HostController.swift */; };
		E2300B27250CF430000E3AD2 /* FeedHostController.swift in Sources */ = {isa = PBXBuildFile; fileRef = E2300B26250CF430000E3AD2 /* FeedHostController.swift */; };
		E2300B2B250D3CF9000E3AD2 /* FeedCells.swift in Sources */ = {isa = PBXBuildFile; fileRef = E2300B2A250D3CF9000E3AD2 /* FeedCells.swift */; };
		E2300B2D250D443B000E3AD2 /* PostMediaView.swift in Sources */ = {isa = PBXBuildFile; fileRef = E2300B2C250D443B000E3AD2 /* PostMediaView.swift */; };
		E2350EAB250918850037468A /* GoogleService-Info.plist in Resources */ = {isa = PBXBuildFile; fileRef = E2350EAA250918850037468A /* GoogleService-Info.plist */; };
		E2350EAD250941940037468A /* UIColor+GaryPortal.swift in Sources */ = {isa = PBXBuildFile; fileRef = E2350EAC250941940037468A /* UIColor+GaryPortal.swift */; };
		E2350EAF25098D320037468A /* PrayerRoomViewController.swift in Sources */ = {isa = PBXBuildFile; fileRef = E2350EAE25098D320037468A /* PrayerRoomViewController.swift */; };
		E25AEEB524F0A13000D5BFD5 /* SignupController_Extensions.swift in Sources */ = {isa = PBXBuildFile; fileRef = E25AEEB424F0A13000D5BFD5 /* SignupController_Extensions.swift */; };
		E25AEEB724F3C0ED00D5BFD5 /* Primitive+GaryPortal.swift in Sources */ = {isa = PBXBuildFile; fileRef = E25AEEB624F3C0ED00D5BFD5 /* Primitive+GaryPortal.swift */; };
		E25AEEB924F3C45000D5BFD5 /* UITextField+GaryPortal.swift in Sources */ = {isa = PBXBuildFile; fileRef = E25AEEB824F3C45000D5BFD5 /* UITextField+GaryPortal.swift */; };
		E27C1651251D135A007E2BF3 /* FirebaseFunctions in Frameworks */ = {isa = PBXBuildFile; productRef = E27C1650251D135A007E2BF3 /* FirebaseFunctions */; };
		E27C1653251D135A007E2BF3 /* FirebaseAuth in Frameworks */ = {isa = PBXBuildFile; productRef = E27C1652251D135A007E2BF3 /* FirebaseAuth */; };
		E27C1655251D135A007E2BF3 /* FirebaseDynamicLinks in Frameworks */ = {isa = PBXBuildFile; productRef = E27C1654251D135A007E2BF3 /* FirebaseDynamicLinks */; };
		E27C1657251D135A007E2BF3 /* FirebaseDatabase in Frameworks */ = {isa = PBXBuildFile; productRef = E27C1656251D135A007E2BF3 /* FirebaseDatabase */; };
		E27C165B251D13CD007E2BF3 /* CropViewController in Frameworks */ = {isa = PBXBuildFile; productRef = E27C165A251D13CD007E2BF3 /* CropViewController */; };
		E289001E24EDD87A00B7DD83 /* GaryPortal.swift in Sources */ = {isa = PBXBuildFile; fileRef = E289001D24EDD87A00B7DD83 /* GaryPortal.swift */; };
		E289002124EDDA8300B7DD83 /* MainStoryboard.storyboard in Resources */ = {isa = PBXBuildFile; fileRef = E289002024EDDA8300B7DD83 /* MainStoryboard.storyboard */; };
		E289002424EDE48200B7DD83 /* ProfileTableViewController.swift in Sources */ = {isa = PBXBuildFile; fileRef = E289002324EDE48200B7DD83 /* ProfileTableViewController.swift */; };
		E289002624EDE49C00B7DD83 /* ProfileTableDataSource.swift in Sources */ = {isa = PBXBuildFile; fileRef = E289002524EDE49C00B7DD83 /* ProfileTableDataSource.swift */; };
		E289002924EE749000B7DD83 /* ProfileTableCells.swift in Sources */ = {isa = PBXBuildFile; fileRef = E289002824EE749000B7DD83 /* ProfileTableCells.swift */; };
		E289002B24EEF91400B7DD83 /* SignupController.swift in Sources */ = {isa = PBXBuildFile; fileRef = E289002A24EEF91400B7DD83 /* SignupController.swift */; };
		E289002E24F05EB900B7DD83 /* AuthenticationServices.framework in Frameworks */ = {isa = PBXBuildFile; fileRef = E289002D24F05EB900B7DD83 /* AuthenticationServices.framework */; };
		E28ACF0B24E9A9B7005B4194 /* AuthenticationService.swift in Sources */ = {isa = PBXBuildFile; fileRef = E28ACF0A24E9A9B7005B4194 /* AuthenticationService.swift */; };
		E28ACF0F24E9FF97005B4194 /* FirstPageController.swift in Sources */ = {isa = PBXBuildFile; fileRef = E28ACF0E24E9FF97005B4194 /* FirstPageController.swift */; };
		E2B31FB32511162D00B9A3F8 /* Feed.swift in Sources */ = {isa = PBXBuildFile; fileRef = E2B31FB22511162D00B9A3F8 /* Feed.swift */; };
		E2B31FB52511182600B9A3F8 /* FeedService.swift in Sources */ = {isa = PBXBuildFile; fileRef = E2B31FB42511182600B9A3F8 /* FeedService.swift */; };
		E2B7435824ED69CA007AC93E /* UIView+GaryPortal.swift in Sources */ = {isa = PBXBuildFile; fileRef = E2B7435724ED69CA007AC93E /* UIView+GaryPortal.swift */; };
		E2B7435A24ED7670007AC93E /* ActivityIndicatorController.swift in Sources */ = {isa = PBXBuildFile; fileRef = E2B7435924ED7670007AC93E /* ActivityIndicatorController.swift */; };
		E2B7435C24ED76F9007AC93E /* UIViewController+GaryPortal.swift in Sources */ = {isa = PBXBuildFile; fileRef = E2B7435B24ED76F9007AC93E /* UIViewController+GaryPortal.swift */; };
		E2BA03FE24E86F7E00305AEC /* AppDelegate.swift in Sources */ = {isa = PBXBuildFile; fileRef = E2BA03FD24E86F7E00305AEC /* AppDelegate.swift */; };
		E2BA040024E86F7E00305AEC /* SceneDelegate.swift in Sources */ = {isa = PBXBuildFile; fileRef = E2BA03FF24E86F7E00305AEC /* SceneDelegate.swift */; };
		E2BA040724E86F8000305AEC /* Assets.xcassets in Resources */ = {isa = PBXBuildFile; fileRef = E2BA040624E86F8000305AEC /* Assets.xcassets */; };
		E2BA040A24E86F8000305AEC /* LaunchScreen.storyboard in Resources */ = {isa = PBXBuildFile; fileRef = E2BA040824E86F8000305AEC /* LaunchScreen.storyboard */; };
		E2BA041524E8709F00305AEC /* LoginSignup.storyboard in Resources */ = {isa = PBXBuildFile; fileRef = E2BA041424E8709F00305AEC /* LoginSignup.storyboard */; };
		E2BA041C24E8734C00305AEC /* Montserrat-Light.ttf in Resources */ = {isa = PBXBuildFile; fileRef = E2BA041824E8734C00305AEC /* Montserrat-Light.ttf */; };
		E2BA041D24E8734C00305AEC /* Montserrat-Regular.ttf in Resources */ = {isa = PBXBuildFile; fileRef = E2BA041924E8734C00305AEC /* Montserrat-Regular.ttf */; };
		E2BA041E24E8734C00305AEC /* Montserrat-ExtraLight.ttf in Resources */ = {isa = PBXBuildFile; fileRef = E2BA041A24E8734C00305AEC /* Montserrat-ExtraLight.ttf */; };
		E2BA041F24E8734C00305AEC /* Montserrat-SemiBold.ttf in Resources */ = {isa = PBXBuildFile; fileRef = E2BA041B24E8734C00305AEC /* Montserrat-SemiBold.ttf */; };
		E2D95641251CEAF400AB53D0 /* Nuke in Frameworks */ = {isa = PBXBuildFile; productRef = E2D95640251CEAF400AB53D0 /* Nuke */; };
/* End PBXBuildFile section */

/* Begin PBXFileReference section */
		E22FA56F24ED7F6B006553ED /* User.swift */ = {isa = PBXFileReference; lastKnownFileType = sourcecode.swift; path = User.swift; sourceTree = "<group>"; };
		E22FA57124ED80E1006553ED /* UserService.swift */ = {isa = PBXFileReference; lastKnownFileType = sourcecode.swift; path = UserService.swift; sourceTree = "<group>"; };
		E22FA57324ED812C006553ED /* APISession.swift */ = {isa = PBXFileReference; lastKnownFileType = sourcecode.swift; path = APISession.swift; sourceTree = "<group>"; };
		E2300B21250CEC5B000E3AD2 /* GaryPortalSwipeController.swift */ = {isa = PBXFileReference; lastKnownFileType = sourcecode.swift; path = GaryPortalSwipeController.swift; sourceTree = "<group>"; };
		E2300B23250CEE37000E3AD2 /* HostController.swift */ = {isa = PBXFileReference; lastKnownFileType = sourcecode.swift; path = HostController.swift; sourceTree = "<group>"; };
		E2300B26250CF430000E3AD2 /* FeedHostController.swift */ = {isa = PBXFileReference; lastKnownFileType = sourcecode.swift; path = FeedHostController.swift; sourceTree = "<group>"; };
		E2300B2A250D3CF9000E3AD2 /* FeedCells.swift */ = {isa = PBXFileReference; lastKnownFileType = sourcecode.swift; path = FeedCells.swift; sourceTree = "<group>"; };
		E2300B2C250D443B000E3AD2 /* PostMediaView.swift */ = {isa = PBXFileReference; lastKnownFileType = sourcecode.swift; path = PostMediaView.swift; sourceTree = "<group>"; };
		E2350EAA250918850037468A /* GoogleService-Info.plist */ = {isa = PBXFileReference; fileEncoding = 4; lastKnownFileType = text.plist.xml; path = "GoogleService-Info.plist"; sourceTree = "<group>"; };
		E2350EAC250941940037468A /* UIColor+GaryPortal.swift */ = {isa = PBXFileReference; lastKnownFileType = sourcecode.swift; path = "UIColor+GaryPortal.swift"; sourceTree = "<group>"; };
		E2350EAE25098D320037468A /* PrayerRoomViewController.swift */ = {isa = PBXFileReference; lastKnownFileType = sourcecode.swift; path = PrayerRoomViewController.swift; sourceTree = "<group>"; };
		E25AEEB424F0A13000D5BFD5 /* SignupController_Extensions.swift */ = {isa = PBXFileReference; lastKnownFileType = sourcecode.swift; path = SignupController_Extensions.swift; sourceTree = "<group>"; };
		E25AEEB624F3C0ED00D5BFD5 /* Primitive+GaryPortal.swift */ = {isa = PBXFileReference; lastKnownFileType = sourcecode.swift; path = "Primitive+GaryPortal.swift"; sourceTree = "<group>"; };
		E25AEEB824F3C45000D5BFD5 /* UITextField+GaryPortal.swift */ = {isa = PBXFileReference; lastKnownFileType = sourcecode.swift; path = "UITextField+GaryPortal.swift"; sourceTree = "<group>"; };
		E289001D24EDD87A00B7DD83 /* GaryPortal.swift */ = {isa = PBXFileReference; lastKnownFileType = sourcecode.swift; path = GaryPortal.swift; sourceTree = "<group>"; };
		E289002024EDDA8300B7DD83 /* MainStoryboard.storyboard */ = {isa = PBXFileReference; lastKnownFileType = file.storyboard; path = MainStoryboard.storyboard; sourceTree = "<group>"; };
		E289002324EDE48200B7DD83 /* ProfileTableViewController.swift */ = {isa = PBXFileReference; lastKnownFileType = sourcecode.swift; path = ProfileTableViewController.swift; sourceTree = "<group>"; };
		E289002524EDE49C00B7DD83 /* ProfileTableDataSource.swift */ = {isa = PBXFileReference; lastKnownFileType = sourcecode.swift; path = ProfileTableDataSource.swift; sourceTree = "<group>"; };
		E289002824EE749000B7DD83 /* ProfileTableCells.swift */ = {isa = PBXFileReference; lastKnownFileType = sourcecode.swift; path = ProfileTableCells.swift; sourceTree = "<group>"; };
		E289002A24EEF91400B7DD83 /* SignupController.swift */ = {isa = PBXFileReference; lastKnownFileType = sourcecode.swift; path = SignupController.swift; sourceTree = "<group>"; };
		E289002C24F05E9D00B7DD83 /* AlMurray.entitlements */ = {isa = PBXFileReference; lastKnownFileType = text.plist.entitlements; path = AlMurray.entitlements; sourceTree = "<group>"; };
		E289002D24F05EB900B7DD83 /* AuthenticationServices.framework */ = {isa = PBXFileReference; lastKnownFileType = wrapper.framework; name = AuthenticationServices.framework; path = System/Library/Frameworks/AuthenticationServices.framework; sourceTree = SDKROOT; };
		E28ACF0A24E9A9B7005B4194 /* AuthenticationService.swift */ = {isa = PBXFileReference; lastKnownFileType = sourcecode.swift; path = AuthenticationService.swift; sourceTree = "<group>"; };
		E28ACF0E24E9FF97005B4194 /* FirstPageController.swift */ = {isa = PBXFileReference; lastKnownFileType = sourcecode.swift; path = FirstPageController.swift; sourceTree = "<group>"; };
		E2B31FB22511162D00B9A3F8 /* Feed.swift */ = {isa = PBXFileReference; lastKnownFileType = sourcecode.swift; path = Feed.swift; sourceTree = "<group>"; };
		E2B31FB42511182600B9A3F8 /* FeedService.swift */ = {isa = PBXFileReference; lastKnownFileType = sourcecode.swift; path = FeedService.swift; sourceTree = "<group>"; };
		E2B7435724ED69CA007AC93E /* UIView+GaryPortal.swift */ = {isa = PBXFileReference; lastKnownFileType = sourcecode.swift; path = "UIView+GaryPortal.swift"; sourceTree = "<group>"; };
		E2B7435924ED7670007AC93E /* ActivityIndicatorController.swift */ = {isa = PBXFileReference; lastKnownFileType = sourcecode.swift; path = ActivityIndicatorController.swift; sourceTree = "<group>"; };
		E2B7435B24ED76F9007AC93E /* UIViewController+GaryPortal.swift */ = {isa = PBXFileReference; lastKnownFileType = sourcecode.swift; path = "UIViewController+GaryPortal.swift"; sourceTree = "<group>"; };
		E2BA03FA24E86F7E00305AEC /* AlMurray.app */ = {isa = PBXFileReference; explicitFileType = wrapper.application; includeInIndex = 0; path = AlMurray.app; sourceTree = BUILT_PRODUCTS_DIR; };
		E2BA03FD24E86F7E00305AEC /* AppDelegate.swift */ = {isa = PBXFileReference; lastKnownFileType = sourcecode.swift; path = AppDelegate.swift; sourceTree = "<group>"; };
		E2BA03FF24E86F7E00305AEC /* SceneDelegate.swift */ = {isa = PBXFileReference; lastKnownFileType = sourcecode.swift; path = SceneDelegate.swift; sourceTree = "<group>"; };
		E2BA040624E86F8000305AEC /* Assets.xcassets */ = {isa = PBXFileReference; lastKnownFileType = folder.assetcatalog; path = Assets.xcassets; sourceTree = "<group>"; };
		E2BA040924E86F8000305AEC /* Base */ = {isa = PBXFileReference; lastKnownFileType = file.storyboard; name = Base; path = Base.lproj/LaunchScreen.storyboard; sourceTree = "<group>"; };
		E2BA040B24E86F8000305AEC /* Info.plist */ = {isa = PBXFileReference; lastKnownFileType = text.plist.xml; path = Info.plist; sourceTree = "<group>"; };
		E2BA041424E8709F00305AEC /* LoginSignup.storyboard */ = {isa = PBXFileReference; lastKnownFileType = file.storyboard; path = LoginSignup.storyboard; sourceTree = "<group>"; };
		E2BA041824E8734C00305AEC /* Montserrat-Light.ttf */ = {isa = PBXFileReference; lastKnownFileType = file; path = "Montserrat-Light.ttf"; sourceTree = "<group>"; };
		E2BA041924E8734C00305AEC /* Montserrat-Regular.ttf */ = {isa = PBXFileReference; lastKnownFileType = file; path = "Montserrat-Regular.ttf"; sourceTree = "<group>"; };
		E2BA041A24E8734C00305AEC /* Montserrat-ExtraLight.ttf */ = {isa = PBXFileReference; lastKnownFileType = file; path = "Montserrat-ExtraLight.ttf"; sourceTree = "<group>"; };
		E2BA041B24E8734C00305AEC /* Montserrat-SemiBold.ttf */ = {isa = PBXFileReference; lastKnownFileType = file; path = "Montserrat-SemiBold.ttf"; sourceTree = "<group>"; };
/* End PBXFileReference section */

/* Begin PBXFrameworksBuildPhase section */
		E2BA03F724E86F7E00305AEC /* Frameworks */ = {
			isa = PBXFrameworksBuildPhase;
			buildActionMask = 2147483647;
			files = (
				E2D95641251CEAF400AB53D0 /* Nuke in Frameworks */,
				E27C1653251D135A007E2BF3 /* FirebaseAuth in Frameworks */,
				E289002E24F05EB900B7DD83 /* AuthenticationServices.framework in Frameworks */,
				E27C1651251D135A007E2BF3 /* FirebaseFunctions in Frameworks */,
				E27C165B251D13CD007E2BF3 /* CropViewController in Frameworks */,
				E27C1657251D135A007E2BF3 /* FirebaseDatabase in Frameworks */,
				E27C1655251D135A007E2BF3 /* FirebaseDynamicLinks in Frameworks */,
			);
			runOnlyForDeploymentPostprocessing = 0;
		};
/* End PBXFrameworksBuildPhase section */

/* Begin PBXGroup section */
		B67C75D8099E2C373B19C504 /* Frameworks */ = {
			isa = PBXGroup;
			children = (
				E289002D24F05EB900B7DD83 /* AuthenticationServices.framework */,
			);
			name = Frameworks;
			sourceTree = "<group>";
		};
		E2300B25250CF3A9000E3AD2 /* Feed */ = {
			isa = PBXGroup;
			children = (
				E2300B26250CF430000E3AD2 /* FeedHostController.swift */,
				E2300B2A250D3CF9000E3AD2 /* FeedCells.swift */,
				E2300B2C250D443B000E3AD2 /* PostMediaView.swift */,
			);
			path = Feed;
			sourceTree = "<group>";
		};
		E279018B24ED7D660024C8D6 /* Modules */ = {
			isa = PBXGroup;
			children = (
				E2300B25250CF3A9000E3AD2 /* Feed */,
				E289001F24EDDA7400B7DD83 /* Profile */,
				E2BA041324E8706400305AEC /* Login & Signup */,
				E289002024EDDA8300B7DD83 /* MainStoryboard.storyboard */,
				E2300B23250CEE37000E3AD2 /* HostController.swift */,
			);
			path = Modules;
			sourceTree = "<group>";
		};
		E289001F24EDDA7400B7DD83 /* Profile */ = {
			isa = PBXGroup;
			children = (
				E289002724EE748000B7DD83 /* Views */,
				E289002324EDE48200B7DD83 /* ProfileTableViewController.swift */,
				E289002524EDE49C00B7DD83 /* ProfileTableDataSource.swift */,
				E2350EAE25098D320037468A /* PrayerRoomViewController.swift */,
			);
			path = Profile;
			sourceTree = "<group>";
		};
		E289002724EE748000B7DD83 /* Views */ = {
			isa = PBXGroup;
			children = (
				E289002824EE749000B7DD83 /* ProfileTableCells.swift */,
			);
			path = Views;
			sourceTree = "<group>";
		};
		E28ACF1224EA9837005B4194 /* Views */ = {
			isa = PBXGroup;
			children = (
			);
			path = Views;
			sourceTree = "<group>";
		};
		E28ACF1324EA983C005B4194 /* Controllers */ = {
			isa = PBXGroup;
			children = (
				E28ACF0E24E9FF97005B4194 /* FirstPageController.swift */,
				E289002A24EEF91400B7DD83 /* SignupController.swift */,
				E25AEEB424F0A13000D5BFD5 /* SignupController_Extensions.swift */,
			);
			path = Controllers;
			sourceTree = "<group>";
		};
		E2B7435524ED699A007AC93E /* Utilities */ = {
			isa = PBXGroup;
			children = (
				E2B7435624ED69A2007AC93E /* Extensions */,
				E2B7435924ED7670007AC93E /* ActivityIndicatorController.swift */,
				E289001D24EDD87A00B7DD83 /* GaryPortal.swift */,
				E2300B21250CEC5B000E3AD2 /* GaryPortalSwipeController.swift */,
			);
			path = Utilities;
			sourceTree = "<group>";
		};
		E2B7435624ED69A2007AC93E /* Extensions */ = {
			isa = PBXGroup;
			children = (
				E2B7435724ED69CA007AC93E /* UIView+GaryPortal.swift */,
				E2B7435B24ED76F9007AC93E /* UIViewController+GaryPortal.swift */,
				E25AEEB624F3C0ED00D5BFD5 /* Primitive+GaryPortal.swift */,
				E25AEEB824F3C45000D5BFD5 /* UITextField+GaryPortal.swift */,
				E2350EAC250941940037468A /* UIColor+GaryPortal.swift */,
			);
			path = Extensions;
			sourceTree = "<group>";
		};
		E2BA03F124E86F7E00305AEC = {
			isa = PBXGroup;
			children = (
				E2BA03FC24E86F7E00305AEC /* AlMurray */,
				E2BA03FB24E86F7E00305AEC /* Products */,
				B67C75D8099E2C373B19C504 /* Frameworks */,
			);
			sourceTree = "<group>";
		};
		E2BA03FB24E86F7E00305AEC /* Products */ = {
			isa = PBXGroup;
			children = (
				E2BA03FA24E86F7E00305AEC /* AlMurray.app */,
			);
			name = Products;
			sourceTree = "<group>";
		};
		E2BA03FC24E86F7E00305AEC /* AlMurray */ = {
			isa = PBXGroup;
			children = (
				E289002C24F05E9D00B7DD83 /* AlMurray.entitlements */,
				E279018B24ED7D660024C8D6 /* Modules */,
				E2B7435524ED699A007AC93E /* Utilities */,
				E2BA041624E8732000305AEC /* Assets */,
				E2BA041224E8705D00305AEC /* Networking */,
				E2BA041124E8705400305AEC /* Models */,
				E2BA040624E86F8000305AEC /* Assets.xcassets */,
				E2BA040824E86F8000305AEC /* LaunchScreen.storyboard */,
			);
			path = AlMurray;
			sourceTree = "<group>";
		};
		E2BA041124E8705400305AEC /* Models */ = {
			isa = PBXGroup;
			children = (
				E22FA56F24ED7F6B006553ED /* User.swift */,
				E2B31FB22511162D00B9A3F8 /* Feed.swift */,
			);
			path = Models;
			sourceTree = "<group>";
		};
		E2BA041224E8705D00305AEC /* Networking */ = {
			isa = PBXGroup;
			children = (
				E22FA57324ED812C006553ED /* APISession.swift */,
				E28ACF0A24E9A9B7005B4194 /* AuthenticationService.swift */,
				E22FA57124ED80E1006553ED /* UserService.swift */,
				E2B31FB42511182600B9A3F8 /* FeedService.swift */,
			);
			path = Networking;
			sourceTree = "<group>";
		};
		E2BA041324E8706400305AEC /* Login & Signup */ = {
			isa = PBXGroup;
			children = (
				E28ACF1324EA983C005B4194 /* Controllers */,
				E28ACF1224EA9837005B4194 /* Views */,
				E2BA041424E8709F00305AEC /* LoginSignup.storyboard */,
			);
			path = "Login & Signup";
			sourceTree = "<group>";
		};
		E2BA041624E8732000305AEC /* Assets */ = {
			isa = PBXGroup;
			children = (
				E2350EAA250918850037468A /* GoogleService-Info.plist */,
				E2BA041724E8732E00305AEC /* Fonts */,
				E2BA03FD24E86F7E00305AEC /* AppDelegate.swift */,
				E2BA03FF24E86F7E00305AEC /* SceneDelegate.swift */,
				E2BA040B24E86F8000305AEC /* Info.plist */,
			);
			path = Assets;
			sourceTree = "<group>";
		};
		E2BA041724E8732E00305AEC /* Fonts */ = {
			isa = PBXGroup;
			children = (
				E2BA041A24E8734C00305AEC /* Montserrat-ExtraLight.ttf */,
				E2BA041824E8734C00305AEC /* Montserrat-Light.ttf */,
				E2BA041924E8734C00305AEC /* Montserrat-Regular.ttf */,
				E2BA041B24E8734C00305AEC /* Montserrat-SemiBold.ttf */,
			);
			path = Fonts;
			sourceTree = "<group>";
		};
/* End PBXGroup section */

/* Begin PBXNativeTarget section */
		E2BA03F924E86F7E00305AEC /* AlMurray */ = {
			isa = PBXNativeTarget;
			buildConfigurationList = E2BA040E24E86F8000305AEC /* Build configuration list for PBXNativeTarget "AlMurray" */;
			buildPhases = (
				E2BA03F624E86F7E00305AEC /* Sources */,
				E2BA03F724E86F7E00305AEC /* Frameworks */,
				E2BA03F824E86F7E00305AEC /* Resources */,
				E2D9563E251CD6BA00AB53D0 /* ShellScript */,
			);
			buildRules = (
			);
			dependencies = (
			);
			name = AlMurray;
			packageProductDependencies = (
				E2D95640251CEAF400AB53D0 /* Nuke */,
				E27C1650251D135A007E2BF3 /* FirebaseFunctions */,
				E27C1652251D135A007E2BF3 /* FirebaseAuth */,
				E27C1654251D135A007E2BF3 /* FirebaseDynamicLinks */,
				E27C1656251D135A007E2BF3 /* FirebaseDatabase */,
				E27C165A251D13CD007E2BF3 /* CropViewController */,
			);
			productName = AlMurray;
			productReference = E2BA03FA24E86F7E00305AEC /* AlMurray.app */;
			productType = "com.apple.product-type.application";
		};
/* End PBXNativeTarget section */

/* Begin PBXProject section */
		E2BA03F224E86F7E00305AEC /* Project object */ = {
			isa = PBXProject;
			attributes = {
				LastSwiftUpdateCheck = 1160;
				LastUpgradeCheck = 1200;
				ORGANIZATIONNAME = "Tom Knighton";
				TargetAttributes = {
					E2BA03F924E86F7E00305AEC = {
						CreatedOnToolsVersion = 11.6;
					};
				};
			};
			buildConfigurationList = E2BA03F524E86F7E00305AEC /* Build configuration list for PBXProject "AlMurray" */;
			compatibilityVersion = "Xcode 9.3";
			developmentRegion = en;
			hasScannedForEncodings = 0;
			knownRegions = (
				en,
				Base,
			);
			mainGroup = E2BA03F124E86F7E00305AEC;
			packageReferences = (
				E2D9563F251CEAF400AB53D0 /* XCRemoteSwiftPackageReference "Nuke" */,
				E27C164F251D135A007E2BF3 /* XCRemoteSwiftPackageReference "firebase-ios-sdk" */,
				E27C1659251D13CD007E2BF3 /* XCRemoteSwiftPackageReference "TOCropViewController" */,
			);
			productRefGroup = E2BA03FB24E86F7E00305AEC /* Products */;
			projectDirPath = "";
			projectRoot = "";
			targets = (
				E2BA03F924E86F7E00305AEC /* AlMurray */,
			);
		};
/* End PBXProject section */

/* Begin PBXResourcesBuildPhase section */
		E2BA03F824E86F7E00305AEC /* Resources */ = {
			isa = PBXResourcesBuildPhase;
			buildActionMask = 2147483647;
			files = (
				E2BA041D24E8734C00305AEC /* Montserrat-Regular.ttf in Resources */,
				E2BA041C24E8734C00305AEC /* Montserrat-Light.ttf in Resources */,
				E2350EAB250918850037468A /* GoogleService-Info.plist in Resources */,
				E2BA041524E8709F00305AEC /* LoginSignup.storyboard in Resources */,
				E2BA041E24E8734C00305AEC /* Montserrat-ExtraLight.ttf in Resources */,
				E2BA040A24E86F8000305AEC /* LaunchScreen.storyboard in Resources */,
				E289002124EDDA8300B7DD83 /* MainStoryboard.storyboard in Resources */,
				E2BA040724E86F8000305AEC /* Assets.xcassets in Resources */,
				E2BA041F24E8734C00305AEC /* Montserrat-SemiBold.ttf in Resources */,
			);
			runOnlyForDeploymentPostprocessing = 0;
		};
/* End PBXResourcesBuildPhase section */

/* Begin PBXShellScriptBuildPhase section */
		E2D9563E251CD6BA00AB53D0 /* ShellScript */ = {
			isa = PBXShellScriptBuildPhase;
			buildActionMask = 2147483647;
			files = (
			);
			inputFileListPaths = (
			);
			inputPaths = (
			);
			outputFileListPaths = (
			);
			outputPaths = (
			);
			runOnlyForDeploymentPostprocessing = 0;
			shellPath = /bin/sh;
			shellScript = "# Type a script or drag a script file from your workspace to insert its path.\nif which swiftlint >/dev/null; then\n  swiftlint\nelse\n  echo \"warning: SwiftLint not installed, download from https://github.com/realm/SwiftLint\"\nfi\n";
		};
/* End PBXShellScriptBuildPhase section */

/* Begin PBXSourcesBuildPhase section */
		E2BA03F624E86F7E00305AEC /* Sources */ = {
			isa = PBXSourcesBuildPhase;
			buildActionMask = 2147483647;
			files = (
				E289002B24EEF91400B7DD83 /* SignupController.swift in Sources */,
				E2B31FB32511162D00B9A3F8 /* Feed.swift in Sources */,
				E25AEEB524F0A13000D5BFD5 /* SignupController_Extensions.swift in Sources */,
				E289002924EE749000B7DD83 /* ProfileTableCells.swift in Sources */,
				E2300B24250CEE37000E3AD2 /* HostController.swift in Sources */,
				E2B7435A24ED7670007AC93E /* ActivityIndicatorController.swift in Sources */,
				E28ACF0F24E9FF97005B4194 /* FirstPageController.swift in Sources */,
				E2350EAD250941940037468A /* UIColor+GaryPortal.swift in Sources */,
				E2B7435824ED69CA007AC93E /* UIView+GaryPortal.swift in Sources */,
				E2300B2D250D443B000E3AD2 /* PostMediaView.swift in Sources */,
				E2300B27250CF430000E3AD2 /* FeedHostController.swift in Sources */,
				E2B7435C24ED76F9007AC93E /* UIViewController+GaryPortal.swift in Sources */,
				E2BA03FE24E86F7E00305AEC /* AppDelegate.swift in Sources */,
				E22FA57024ED7F6B006553ED /* User.swift in Sources */,
				E22FA57224ED80E1006553ED /* UserService.swift in Sources */,
				E2BA040024E86F7E00305AEC /* SceneDelegate.swift in Sources */,
				E289002424EDE48200B7DD83 /* ProfileTableViewController.swift in Sources */,
				E2B31FB52511182600B9A3F8 /* FeedService.swift in Sources */,
				E289002624EDE49C00B7DD83 /* ProfileTableDataSource.swift in Sources */,
				E289001E24EDD87A00B7DD83 /* GaryPortal.swift in Sources */,
				E2300B2B250D3CF9000E3AD2 /* FeedCells.swift in Sources */,
				E22FA57424ED812C006553ED /* APISession.swift in Sources */,
				E2350EAF25098D320037468A /* PrayerRoomViewController.swift in Sources */,
				E28ACF0B24E9A9B7005B4194 /* AuthenticationService.swift in Sources */,
				E25AEEB724F3C0ED00D5BFD5 /* Primitive+GaryPortal.swift in Sources */,
				E25AEEB924F3C45000D5BFD5 /* UITextField+GaryPortal.swift in Sources */,
				E2300B22250CEC5B000E3AD2 /* GaryPortalSwipeController.swift in Sources */,
			);
			runOnlyForDeploymentPostprocessing = 0;
		};
/* End PBXSourcesBuildPhase section */

/* Begin PBXVariantGroup section */
		E2BA040824E86F8000305AEC /* LaunchScreen.storyboard */ = {
			isa = PBXVariantGroup;
			children = (
				E2BA040924E86F8000305AEC /* Base */,
			);
			name = LaunchScreen.storyboard;
			sourceTree = "<group>";
		};
/* End PBXVariantGroup section */

/* Begin XCBuildConfiguration section */
		E2BA040C24E86F8000305AEC /* Debug */ = {
			isa = XCBuildConfiguration;
			buildSettings = {
				ALWAYS_SEARCH_USER_PATHS = NO;
				CLANG_ANALYZER_NONNULL = YES;
				CLANG_ANALYZER_NUMBER_OBJECT_CONVERSION = YES_AGGRESSIVE;
				CLANG_CXX_LANGUAGE_STANDARD = "gnu++14";
				CLANG_CXX_LIBRARY = "libc++";
				CLANG_ENABLE_MODULES = YES;
				CLANG_ENABLE_OBJC_ARC = YES;
				CLANG_ENABLE_OBJC_WEAK = YES;
				CLANG_WARN_BLOCK_CAPTURE_AUTORELEASING = YES;
				CLANG_WARN_BOOL_CONVERSION = YES;
				CLANG_WARN_COMMA = YES;
				CLANG_WARN_CONSTANT_CONVERSION = YES;
				CLANG_WARN_DEPRECATED_OBJC_IMPLEMENTATIONS = YES;
				CLANG_WARN_DIRECT_OBJC_ISA_USAGE = YES_ERROR;
				CLANG_WARN_DOCUMENTATION_COMMENTS = YES;
				CLANG_WARN_EMPTY_BODY = YES;
				CLANG_WARN_ENUM_CONVERSION = YES;
				CLANG_WARN_INFINITE_RECURSION = YES;
				CLANG_WARN_INT_CONVERSION = YES;
				CLANG_WARN_NON_LITERAL_NULL_CONVERSION = YES;
				CLANG_WARN_OBJC_IMPLICIT_RETAIN_SELF = YES;
				CLANG_WARN_OBJC_LITERAL_CONVERSION = YES;
				CLANG_WARN_OBJC_ROOT_CLASS = YES_ERROR;
				CLANG_WARN_QUOTED_INCLUDE_IN_FRAMEWORK_HEADER = YES;
				CLANG_WARN_RANGE_LOOP_ANALYSIS = YES;
				CLANG_WARN_STRICT_PROTOTYPES = YES;
				CLANG_WARN_SUSPICIOUS_MOVE = YES;
				CLANG_WARN_UNGUARDED_AVAILABILITY = YES_AGGRESSIVE;
				CLANG_WARN_UNREACHABLE_CODE = YES;
				CLANG_WARN__DUPLICATE_METHOD_MATCH = YES;
				COPY_PHASE_STRIP = NO;
				DEBUG_INFORMATION_FORMAT = dwarf;
				ENABLE_STRICT_OBJC_MSGSEND = YES;
				ENABLE_TESTABILITY = YES;
				GCC_C_LANGUAGE_STANDARD = gnu11;
				GCC_DYNAMIC_NO_PIC = NO;
				GCC_NO_COMMON_BLOCKS = YES;
				GCC_OPTIMIZATION_LEVEL = 0;
				GCC_PREPROCESSOR_DEFINITIONS = (
					"DEBUG=1",
					"$(inherited)",
				);
				GCC_WARN_64_TO_32_BIT_CONVERSION = YES;
				GCC_WARN_ABOUT_RETURN_TYPE = YES_ERROR;
				GCC_WARN_UNDECLARED_SELECTOR = YES;
				GCC_WARN_UNINITIALIZED_AUTOS = YES_AGGRESSIVE;
				GCC_WARN_UNUSED_FUNCTION = YES;
				GCC_WARN_UNUSED_VARIABLE = YES;
				IPHONEOS_DEPLOYMENT_TARGET = 13.6;
				MTL_ENABLE_DEBUG_INFO = INCLUDE_SOURCE;
				MTL_FAST_MATH = YES;
				ONLY_ACTIVE_ARCH = YES;
				SDKROOT = iphoneos;
				SWIFT_ACTIVE_COMPILATION_CONDITIONS = DEBUG;
				SWIFT_OPTIMIZATION_LEVEL = "-Onone";
			};
			name = Debug;
		};
		E2BA040D24E86F8000305AEC /* Release */ = {
			isa = XCBuildConfiguration;
			buildSettings = {
				ALWAYS_SEARCH_USER_PATHS = NO;
				CLANG_ANALYZER_NONNULL = YES;
				CLANG_ANALYZER_NUMBER_OBJECT_CONVERSION = YES_AGGRESSIVE;
				CLANG_CXX_LANGUAGE_STANDARD = "gnu++14";
				CLANG_CXX_LIBRARY = "libc++";
				CLANG_ENABLE_MODULES = YES;
				CLANG_ENABLE_OBJC_ARC = YES;
				CLANG_ENABLE_OBJC_WEAK = YES;
				CLANG_WARN_BLOCK_CAPTURE_AUTORELEASING = YES;
				CLANG_WARN_BOOL_CONVERSION = YES;
				CLANG_WARN_COMMA = YES;
				CLANG_WARN_CONSTANT_CONVERSION = YES;
				CLANG_WARN_DEPRECATED_OBJC_IMPLEMENTATIONS = YES;
				CLANG_WARN_DIRECT_OBJC_ISA_USAGE = YES_ERROR;
				CLANG_WARN_DOCUMENTATION_COMMENTS = YES;
				CLANG_WARN_EMPTY_BODY = YES;
				CLANG_WARN_ENUM_CONVERSION = YES;
				CLANG_WARN_INFINITE_RECURSION = YES;
				CLANG_WARN_INT_CONVERSION = YES;
				CLANG_WARN_NON_LITERAL_NULL_CONVERSION = YES;
				CLANG_WARN_OBJC_IMPLICIT_RETAIN_SELF = YES;
				CLANG_WARN_OBJC_LITERAL_CONVERSION = YES;
				CLANG_WARN_OBJC_ROOT_CLASS = YES_ERROR;
				CLANG_WARN_QUOTED_INCLUDE_IN_FRAMEWORK_HEADER = YES;
				CLANG_WARN_RANGE_LOOP_ANALYSIS = YES;
				CLANG_WARN_STRICT_PROTOTYPES = YES;
				CLANG_WARN_SUSPICIOUS_MOVE = YES;
				CLANG_WARN_UNGUARDED_AVAILABILITY = YES_AGGRESSIVE;
				CLANG_WARN_UNREACHABLE_CODE = YES;
				CLANG_WARN__DUPLICATE_METHOD_MATCH = YES;
				COPY_PHASE_STRIP = NO;
				DEBUG_INFORMATION_FORMAT = "dwarf-with-dsym";
				ENABLE_NS_ASSERTIONS = NO;
				ENABLE_STRICT_OBJC_MSGSEND = YES;
				GCC_C_LANGUAGE_STANDARD = gnu11;
				GCC_NO_COMMON_BLOCKS = YES;
				GCC_WARN_64_TO_32_BIT_CONVERSION = YES;
				GCC_WARN_ABOUT_RETURN_TYPE = YES_ERROR;
				GCC_WARN_UNDECLARED_SELECTOR = YES;
				GCC_WARN_UNINITIALIZED_AUTOS = YES_AGGRESSIVE;
				GCC_WARN_UNUSED_FUNCTION = YES;
				GCC_WARN_UNUSED_VARIABLE = YES;
				IPHONEOS_DEPLOYMENT_TARGET = 13.6;
				MTL_ENABLE_DEBUG_INFO = NO;
				MTL_FAST_MATH = YES;
				SDKROOT = iphoneos;
				SWIFT_COMPILATION_MODE = wholemodule;
				SWIFT_OPTIMIZATION_LEVEL = "-O";
				VALIDATE_PRODUCT = YES;
			};
			name = Release;
		};
		E2BA040F24E86F8000305AEC /* Debug */ = {
			isa = XCBuildConfiguration;
			buildSettings = {
				ASSETCATALOG_COMPILER_APPICON_NAME = AppIcon;
				CODE_SIGN_ENTITLEMENTS = AlMurray/AlMurray.entitlements;
				CODE_SIGN_STYLE = Automatic;
				DEVELOPMENT_TEAM = 8H3J46CN24;
				INFOPLIST_FILE = AlMurray/Assets/Info.plist;
				IPHONEOS_DEPLOYMENT_TARGET = 13.0;
				LD_RUNPATH_SEARCH_PATHS = (
					"$(inherited)",
					"@executable_path/Frameworks",
				);
				OTHER_LDFLAGS = "-ObjC";
				PRODUCT_BUNDLE_IDENTIFIER = online.tomk.GaryPortal4;
				PRODUCT_NAME = "$(TARGET_NAME)";
				SWIFT_VERSION = 5.0;
				TARGETED_DEVICE_FAMILY = "1,2";
			};
			name = Debug;
		};
		E2BA041024E86F8000305AEC /* Release */ = {
			isa = XCBuildConfiguration;
			buildSettings = {
				ASSETCATALOG_COMPILER_APPICON_NAME = AppIcon;
				CODE_SIGN_ENTITLEMENTS = AlMurray/AlMurray.entitlements;
				CODE_SIGN_STYLE = Automatic;
				DEVELOPMENT_TEAM = 8H3J46CN24;
				INFOPLIST_FILE = AlMurray/Assets/Info.plist;
				IPHONEOS_DEPLOYMENT_TARGET = 13.0;
				LD_RUNPATH_SEARCH_PATHS = (
					"$(inherited)",
					"@executable_path/Frameworks",
				);
				OTHER_LDFLAGS = "-ObjC";
				PRODUCT_BUNDLE_IDENTIFIER = online.tomk.GaryPortal4;
				PRODUCT_NAME = "$(TARGET_NAME)";
				SWIFT_VERSION = 5.0;
				TARGETED_DEVICE_FAMILY = "1,2";
			};
			name = Release;
		};
/* End XCBuildConfiguration section */

/* Begin XCConfigurationList section */
		E2BA03F524E86F7E00305AEC /* Build configuration list for PBXProject "AlMurray" */ = {
			isa = XCConfigurationList;
			buildConfigurations = (
				E2BA040C24E86F8000305AEC /* Debug */,
				E2BA040D24E86F8000305AEC /* Release */,
			);
			defaultConfigurationIsVisible = 0;
			defaultConfigurationName = Release;
		};
		E2BA040E24E86F8000305AEC /* Build configuration list for PBXNativeTarget "AlMurray" */ = {
			isa = XCConfigurationList;
			buildConfigurations = (
				E2BA040F24E86F8000305AEC /* Debug */,
				E2BA041024E86F8000305AEC /* Release */,
			);
			defaultConfigurationIsVisible = 0;
			defaultConfigurationName = Release;
		};
/* End XCConfigurationList section */

/* Begin XCRemoteSwiftPackageReference section */
		E27C164F251D135A007E2BF3 /* XCRemoteSwiftPackageReference "firebase-ios-sdk" */ = {
			isa = XCRemoteSwiftPackageReference;
			repositoryURL = "https://github.com/firebase/firebase-ios-sdk.git";
			requirement = {
				branch = "6.33-spm-beta";
				kind = branch;
			};
		};
		E27C1659251D13CD007E2BF3 /* XCRemoteSwiftPackageReference "TOCropViewController" */ = {
			isa = XCRemoteSwiftPackageReference;
			repositoryURL = "https://github.com/TimOliver/TOCropViewController.git";
			requirement = {
				kind = upToNextMajorVersion;
				minimumVersion = 2.5.4;
			};
		};
		E2D9563F251CEAF400AB53D0 /* XCRemoteSwiftPackageReference "Nuke" */ = {
			isa = XCRemoteSwiftPackageReference;
			repositoryURL = "https://github.com/kean/Nuke.git";
			requirement = {
				kind = upToNextMajorVersion;
				minimumVersion = 9.1.2;
			};
		};
/* End XCRemoteSwiftPackageReference section */

/* Begin XCSwiftPackageProductDependency section */
		E27C1650251D135A007E2BF3 /* FirebaseFunctions */ = {
			isa = XCSwiftPackageProductDependency;
			package = E27C164F251D135A007E2BF3 /* XCRemoteSwiftPackageReference "firebase-ios-sdk" */;
			productName = FirebaseFunctions;
		};
		E27C1652251D135A007E2BF3 /* FirebaseAuth */ = {
			isa = XCSwiftPackageProductDependency;
			package = E27C164F251D135A007E2BF3 /* XCRemoteSwiftPackageReference "firebase-ios-sdk" */;
			productName = FirebaseAuth;
		};
		E27C1654251D135A007E2BF3 /* FirebaseDynamicLinks */ = {
			isa = XCSwiftPackageProductDependency;
			package = E27C164F251D135A007E2BF3 /* XCRemoteSwiftPackageReference "firebase-ios-sdk" */;
			productName = FirebaseDynamicLinks;
		};
		E27C1656251D135A007E2BF3 /* FirebaseDatabase */ = {
			isa = XCSwiftPackageProductDependency;
			package = E27C164F251D135A007E2BF3 /* XCRemoteSwiftPackageReference "firebase-ios-sdk" */;
			productName = FirebaseDatabase;
		};
		E27C165A251D13CD007E2BF3 /* CropViewController */ = {
			isa = XCSwiftPackageProductDependency;
			package = E27C1659251D13CD007E2BF3 /* XCRemoteSwiftPackageReference "TOCropViewController" */;
			productName = CropViewController;
		};
		E2D95640251CEAF400AB53D0 /* Nuke */ = {
			isa = XCSwiftPackageProductDependency;
			package = E2D9563F251CEAF400AB53D0 /* XCRemoteSwiftPackageReference "Nuke" */;
			productName = Nuke;
		};
/* End XCSwiftPackageProductDependency section */
	};
	rootObject = E2BA03F224E86F7E00305AEC /* Project object */;
}
